
Microsoft Visual Studio Solution File, Format Version 12.00
# Visual Studio Version 17
VisualStudioVersion = 17.0.31903.59
MinimumVisualStudioVersion = 10.0.40219.1
Project("{FAE04EC0-301F-11D3-BF4B-00C04F79EFBC}") = "AbilityKit.Orleans.Contracts", "src\AbilityKit.Orleans.Contracts\AbilityKit.Orleans.Contracts.csproj", "{7B2F5E3F-5B33-4E3B-91E8-8CC9E8BC6EAF}"
EndProject
Project("{FAE04EC0-301F-11D3-BF4B-00C04F79EFBC}") = "AbilityKit.Orleans.Grains", "src\AbilityKit.Orleans.Grains\AbilityKit.Orleans.Grains.csproj", "{A8EAC18D-48E7-4D14-AE78-ACF0B2A8C5D2}"
EndProject
Project("{FAE04EC0-301F-11D3-BF4B-00C04F79EFBC}") = "AbilityKit.Orleans.Host", "src\AbilityKit.Orleans.Host\AbilityKit.Orleans.Host.csproj", "{2F59A2E6-5B65-4F63-A6CE-2A012B6B54A7}"
EndProject
Project("{FAE04EC0-301F-11D3-BF4B-00C04F79EFBC}") = "AbilityKit.Orleans.Gateway", "src\AbilityKit.Orleans.Gateway\AbilityKit.Orleans.Gateway.csproj", "{5A9C0A84-1E6E-49E8-9B31-5D8D93E356F9}"
EndProject
Project("{2150E333-8FDC-42A3-9474-1A3956D46DE8}") = "src", "src", "{827E0CD3-B72D-47B6-A68D-7590B98EB39B}"
EndProject
Project("{FAE04EC0-301F-11D3-BF4B-00C04F79EFBC}") = "AbilityKit.Orleans.Grains.Tests", "src\AbilityKit.Orleans.Grains.Tests\AbilityKit.Orleans.Grains.Tests.csproj", "{9D53B1CD-AF62-4784-AF51-4214F91FAC7B}"
EndProject
Project("{FAE04EC0-301F-11D3-BF4B-00C04F79EFBC}") = "AbilityKit.Orleans.Gateway.Tests", "src\AbilityKit.Orleans.Gateway.Tests\AbilityKit.Orleans.Gateway.Tests.csproj", "{D2E377CF-38D9-4D35-A946-95F0E5906C1C}"
EndProject
Project("{FAE04EC0-301F-11D3-BF4B-00C04F79EFBC}") = "AbilityKit.Orleans.ShooterSmoke", "src\AbilityKit.Orleans.ShooterSmoke\AbilityKit.Orleans.ShooterSmoke.csproj", "{7A2F2641-44F5-4AC5-BC62-7F78DBA93140}"
EndProject
Global
	GlobalSection(SolutionConfigurationPlatforms) = preSolution
		Debug|Any CPU = Debug|Any CPU
		Debug|x64 = Debug|x64
		Debug|x86 = Debug|x86
		Release|Any CPU = Release|Any CPU
		Release|x64 = Release|x64
		Release|x86 = Release|x86
	EndGlobalSection
	GlobalSection(ProjectConfigurationPlatforms) = postSolution
		{7B2F5E3F-5B33-4E3B-91E8-8CC9E8BC6EAF}.Debug|Any CPU.ActiveCfg = Debug|Any CPU
		{7B2F5E3F-5B33-4E3B-91E8-8CC9E8BC6EAF}.Debug|Any CPU.Build.0 = Debug|Any CPU
		{7B2F5E3F-5B33-4E3B-91E8-8CC9E8BC6EAF}.Debug|x64.ActiveCfg = Debug|Any CPU
		{7B2F5E3F-5B33-4E3B-91E8-8CC9E8BC6EAF}.Debug|x64.Build.0 = Debug|Any CPU
		{7B2F5E3F-5B33-4E3B-91E8-8CC9E8BC6EAF}.Debug|x86.ActiveCfg = Debug|Any CPU
		{7B2F5E3F-5B33-4E3B-91E8-8CC9E8BC6EAF}.Debug|x86.Build.0 = Debug|Any CPU
		{7B2F5E3F-5B33-4E3B-91E8-8CC9E8BC6EAF}.Release|Any CPU.ActiveCfg = Release|Any CPU
		{7B2F5E3F-5B33-4E3B-91E8-8CC9E8BC6EAF}.Release|Any CPU.Build.0 = Release|Any CPU
		{7B2F5E3F-5B33-4E3B-91E8-8CC9E8BC6EAF}.Release|x64.ActiveCfg = Release|Any CPU
		{7B2F5E3F-5B33-4E3B-91E8-8CC9E8BC6EAF}.Release|x64.Build.0 = Release|Any CPU
		{7B2F5E3F-5B33-4E3B-91E8-8CC9E8BC6EAF}.Release|x86.ActiveCfg = Release|Any CPU
		{7B2F5E3F-5B33-4E3B-91E8-8CC9E8BC6EAF}.Release|x86.Build.0 = Release|Any CPU
		{A8EAC18D-48E7-4D14-AE78-ACF0B2A8C5D2}.Debug|Any CPU.ActiveCfg = Debug|Any CPU
		{A8EAC18D-48E7-4D14-AE78-ACF0B2A8C5D2}.Debug|Any CPU.Build.0 = Debug|Any CPU
		{A8EAC18D-48E7-4D14-AE78-ACF0B2A8C5D2}.Debug|x64.ActiveCfg = Debug|Any CPU
		{A8EAC18D-48E7-4D14-AE78-ACF0B2A8C5D2}.Debug|x64.Build.0 = Debug|Any CPU
		{A8EAC18D-48E7-4D14-AE78-ACF0B2A8C5D2}.Debug|x86.ActiveCfg = Debug|Any CPU
		{A8EAC18D-48E7-4D14-AE78-ACF0B2A8C5D2}.Debug|x86.Build.0 = Debug|Any CPU
		{A8EAC18D-48E7-4D14-AE78-ACF0B2A8C5D2}.Release|Any CPU.ActiveCfg = Release|Any CPU
		{A8EAC18D-48E7-4D14-AE78-ACF0B2A8C5D2}.Release|Any CPU.Build.0 = Release|Any CPU
		{A8EAC18D-48E7-4D14-AE78-ACF0B2A8C5D2}.Release|x64.ActiveCfg = Release|Any CPU
		{A8EAC18D-48E7-4D14-AE78-ACF0B2A8C5D2}.Release|x64.Build.0 = Release|Any CPU
		{A8EAC18D-48E7-4D14-AE78-ACF0B2A8C5D2}.Release|x86.ActiveCfg = Release|Any CPU
		{A8EAC18D-48E7-4D14-AE78-ACF0B2A8C5D2}.Release|x86.Build.0 = Release|Any CPU
		{2F59A2E6-5B65-4F63-A6CE-2A012B6B54A7}.Debug|Any CPU.ActiveCfg = Debug|Any CPU
		{2F59A2E6-5B65-4F63-A6CE-2A012B6B54A7}.Debug|Any CPU.Build.0 = Debug|Any CPU
		{2F59A2E6-5B65-4F63-A6CE-2A012B6B54A7}.Debug|x64.ActiveCfg = Debug|Any CPU
		{2F59A2E6-5B65-4F63-A6CE-2A012B6B54A7}.Debug|x64.Build.0 = Debug|Any CPU
		{2F59A2E6-5B65-4F63-A6CE-2A012B6B54A7}.Debug|x86.ActiveCfg = Debug|Any CPU
		{2F59A2E6-5B65-4F63-A6CE-2A012B6B54A7}.Debug|x86.Build.0 = Debug|Any CPU
		{2F59A2E6-5B65-4F63-A6CE-2A012B6B54A7}.Release|Any CPU.ActiveCfg = Release|Any CPU
		{2F59A2E6-5B65-4F63-A6CE-2A012B6B54A7}.Release|Any CPU.Build.0 = Release|Any CPU
		{2F59A2E6-5B65-4F63-A6CE-2A012B6B54A7}.Release|x64.ActiveCfg = Release|Any CPU
		{2F59A2E6-5B65-4F63-A6CE-2A012B6B54A7}.Release|x64.Build.0 = Release|Any CPU
		{2F59A2E6-5B65-4F63-A6CE-2A012B6B54A7}.Release|x86.ActiveCfg = Release|Any CPU
		{2F59A2E6-5B65-4F63-A6CE-2A012B6B54A7}.Release|x86.Build.0 = Release|Any CPU
		{5A9C0A84-1E6E-49E8-9B31-5D8D93E356F9}.Debug|Any CPU.ActiveCfg = Debug|Any CPU
		{5A9C0A84-1E6E-49E8-9B31-5D8D93E356F9}.Debug|Any CPU.Build.0 = Debug|Any CPU
		{5A9C0A84-1E6E-49E8-9B31-5D8D93E356F9}.Debug|x64.ActiveCfg = Debug|Any CPU
		{5A9C0A84-1E6E-49E8-9B31-5D8D93E356F9}.Debug|x64.Build.0 = Debug|Any CPU
		{5A9C0A84-1E6E-49E8-9B31-5D8D93E356F9}.Debug|x86.ActiveCfg = Debug|Any CPU
		{5A9C0A84-1E6E-49E8-9B31-5D8D93E356F9}.Debug|x86.Build.0 = Debug|Any CPU
		{5A9C0A84-1E6E-49E8-9B31-5D8D93E356F9}.Release|Any CPU.ActiveCfg = Release|Any CPU
		{5A9C0A84-1E6E-49E8-9B31-5D8D93E356F9}.Release|Any CPU.Build.0 = Release|Any CPU
		{5A9C0A84-1E6E-49E8-9B31-5D8D93E356F9}.Release|x64.ActiveCfg = Release|Any CPU
		{5A9C0A84-1E6E-49E8-9B31-5D8D93E356F9}.Release|x64.Build.0 = Release|Any CPU
		{5A9C0A84-1E6E-49E8-9B31-5D8D93E356F9}.Release|x86.ActiveCfg = Release|Any CPU
		{5A9C0A84-1E6E-49E8-9B31-5D8D93E356F9}.Release|x86.Build.0 = Release|Any CPU
		{9D53B1CD-AF62-4784-AF51-4214F91FAC7B}.Debug|Any CPU.ActiveCfg = Debug|Any CPU
		{9D53B1CD-AF62-4784-AF51-4214F91FAC7B}.Debug|Any CPU.Build.0 = Debug|Any CPU
		{9D53B1CD-AF62-4784-AF51-4214F91FAC7B}.Debug|x64.ActiveCfg = Debug|Any CPU
		{9D53B1CD-AF62-4784-AF51-4214F91FAC7B}.Debug|x64.Build.0 = Debug|Any CPU
		{9D53B1CD-AF62-4784-AF51-4214F91FAC7B}.Debug|x86.ActiveCfg = Debug|Any CPU
		{9D53B1CD-AF62-4784-AF51-4214F91FAC7B}.Debug|x86.Build.0 = Debug|Any CPU
		{9D53B1CD-AF62-4784-AF51-4214F91FAC7B}.Release|Any CPU.ActiveCfg = Release|Any CPU
		{9D53B1CD-AF62-4784-AF51-4214F91FAC7B}.Release|Any CPU.Build.0 = Release|Any CPU
		{9D53B1CD-AF62-4784-AF51-4214F91FAC7B}.Release|x64.ActiveCfg = Release|Any CPU
		{9D53B1CD-AF62-4784-AF51-4214F91FAC7B}.Release|x64.Build.0 = Release|Any CPU
		{9D53B1CD-AF62-4784-AF51-4214F91FAC7B}.Release|x86.ActiveCfg = Release|Any CPU
		{9D53B1CD-AF62-4784-AF51-4214F91FAC7B}.Release|x86.Build.0 = Release|Any CPU
		{D2E377CF-38D9-4D35-A946-95F0E5906C1C}.Debug|Any CPU.ActiveCfg = Debug|Any CPU
		{D2E377CF-38D9-4D35-A946-95F0E5906C1C}.Debug|Any CPU.Build.0 = Debug|Any CPU
		{D2E377CF-38D9-4D35-A946-95F0E5906C1C}.Debug|x64.ActiveCfg = Debug|Any CPU
		{D2E377CF-38D9-4D35-A946-95F0E5906C1C}.Debug|x64.Build.0 = Debug|Any CPU
		{D2E377CF-38D9-4D35-A946-95F0E5906C1C}.Debug|x86.ActiveCfg = Debug|Any CPU
		{D2E377CF-38D9-4D35-A946-95F0E5906C1C}.Debug|x86.Build.0 = Debug|Any CPU
		{D2E377CF-38D9-4D35-A946-95F0E5906C1C}.Release|Any CPU.ActiveCfg = Release|Any CPU
		{D2E377CF-38D9-4D35-A946-95F0E5906C1C}.Release|Any CPU.Build.0 = Release|Any CPU
		{D2E377CF-38D9-4D35-A946-95F0E5906C1C}.Release|x64.ActiveCfg = Release|Any CPU
		{D2E377CF-38D9-4D35-A946-95F0E5906C1C}.Release|x64.Build.0 = Release|Any CPU
		{D2E377CF-38D9-4D35-A946-95F0E5906C1C}.Release|x86.ActiveCfg = Release|Any CPU
		{D2E377CF-38D9-4D35-A946-95F0E5906C1C}.Release|x86.Build.0 = Release|Any CPU
		{7A2F2641-44F5-4AC5-BC62-7F78DBA93140}.Debug|Any CPU.ActiveCfg = Debug|Any CPU
		{7A2F2641-44F5-4AC5-BC62-7F78DBA93140}.Debug|Any CPU.Build.0 = Debug|Any CPU
		{7A2F2641-44F5-4AC5-BC62-7F78DBA93140}.Debug|x64.ActiveCfg = Debug|Any CPU
		{7A2F2641-44F5-4AC5-BC62-7F78DBA93140}.Debug|x64.Build.0 = Debug|Any CPU
		{7A2F2641-44F5-4AC5-BC62-7F78DBA93140}.Debug|x86.ActiveCfg = Debug|Any CPU
		{7A2F2641-44F5-4AC5-BC62-7F78DBA93140}.Debug|x86.Build.0 = Debug|Any CPU
		{7A2F2641-44F5-4AC5-BC62-7F78DBA93140}.Release|Any CPU.ActiveCfg = Release|Any CPU
		{7A2F2641-44F5-4AC5-BC62-7F78DBA93140}.Release|Any CPU.Build.0 = Release|Any CPU
		{7A2F2641-44F5-4AC5-BC62-7F78DBA93140}.Release|x64.ActiveCfg = Release|Any CPU
		{7A2F2641-44F5-4AC5-BC62-7F78DBA93140}.Release|x64.Build.0 = Release|Any CPU
		{7A2F2641-44F5-4AC5-BC62-7F78DBA93140}.Release|x86.ActiveCfg = Release|Any CPU
		{7A2F2641-44F5-4AC5-BC62-7F78DBA93140}.Release|x86.Build.0 = Release|Any CPU
	EndGlobalSection
	GlobalSection(SolutionProperties) = preSolution
		HideSolutionNode = FALSE
	EndGlobalSection
	GlobalSection(NestedProjects) = preSolution
		{9D53B1CD-AF62-4784-AF51-4214F91FAC7B} = {827E0CD3-B72D-47B6-A68D-7590B98EB39B}
		{D2E377CF-38D9-4D35-A946-95F0E5906C1C} = {827E0CD3-B72D-47B6-A68D-7590B98EB39B}
		{7A2F2641-44F5-4AC5-BC62-7F78DBA93140} = {827E0CD3-B72D-47B6-A68D-7590B98EB39B}
	EndGlobalSection
EndGlobal
