
Microsoft Visual Studio Solution File, Format Version 12.00
# Visual Studio Version 18
VisualStudioVersion = 18.3.11527.330
MinimumVisualStudioVersion = 10.0.40219.1
Project("{FAE04EC0-301F-11D3-BF4B-00C04F79EFBC}") = "AbilityKit.Core", "AbilityKit.Core\AbilityKit.Core.csproj", "{A1000001-0001-0001-0001-000000000001}"
EndProject
Project("{FAE04EC0-301F-11D3-BF4B-00C04F79EFBC}") = "AbilityKit.Attributes", "AbilityKit.Attributes\AbilityKit.Attributes.csproj", "{A1000002-0002-0002-0002-000000000002}"
EndProject
Project("{FAE04EC0-301F-11D3-BF4B-00C04F79EFBC}") = "AbilityKit.Modifiers", "AbilityKit.Modifiers\AbilityKit.Modifiers.csproj", "{A1000003-0003-0003-0003-000000000003}"
EndProject
Project("{FAE04EC0-301F-11D3-BF4B-00C04F79EFBC}") = "AbilityKit.Dataflow", "AbilityKit.Dataflow\AbilityKit.Dataflow.csproj", "{A1000004-0004-0004-0004-000000000004}"
EndProject
Project("{FAE04EC0-301F-11D3-BF4B-00C04F79EFBC}") = "AbilityKit.GameplayTags", "AbilityKit.GameplayTags\AbilityKit.GameplayTags.csproj", "{A1000005-0005-0005-0005-000000000005}"
EndProject
Project("{FAE04EC0-301F-11D3-BF4B-00C04F79EFBC}") = "AbilityKit.Pipeline", "AbilityKit.Pipeline\AbilityKit.Pipeline.csproj", "{A1000006-0006-0006-0006-000000000006}"
EndProject
Project("{FAE04EC0-301F-11D3-BF4B-00C04F79EFBC}") = "AbilityKit.Behavior", "AbilityKit.Behavior\AbilityKit.Behavior.csproj", "{A1000007-0007-0007-0007-000000000007}"
EndProject
Project("{FAE04EC0-301F-11D3-BF4B-00C04F79EFBC}") = "AbilityKit.Threading", "AbilityKit.Threading\AbilityKit.Threading.csproj", "{A1000008-0008-0008-0008-000000000008}"
EndProject
Project("{FAE04EC0-301F-11D3-BF4B-00C04F79EFBC}") = "AbilityKit.Context", "AbilityKit.Context\AbilityKit.Context.csproj", "{A1000009-0009-0009-0009-000000000009}"
EndProject
Project("{FAE04EC0-301F-11D3-BF4B-00C04F79EFBC}") = "AbilityKit.Timer", "AbilityKit.Timer\AbilityKit.Timer.csproj", "{A1000010-0010-0010-0010-000000000010}"
EndProject
Project("{FAE04EC0-301F-11D3-BF4B-00C04F79EFBC}") = "AbilityKit.Trace", "AbilityKit.Trace\AbilityKit.Trace.csproj", "{A1000011-0011-0011-0011-000000000011}"
EndProject
Project("{FAE04EC0-301F-11D3-BF4B-00C04F79EFBC}") = "AbilityKit.Protocol", "AbilityKit.Protocol\AbilityKit.Protocol.csproj", "{A1000012-0012-0012-0012-000000000012}"
EndProject
Project("{FAE04EC0-301F-11D3-BF4B-00C04F79EFBC}") = "AbilityKit.Diagnostics", "AbilityKit.Diagnostics\AbilityKit.Diagnostics.csproj", "{A1000013-0013-0013-0013-000000000013}"
EndProject
Project("{FAE04EC0-301F-11D3-BF4B-00C04F79EFBC}") = "AbilityKit.CodeGen", "AbilityKit.CodeGen\AbilityKit.CodeGen.csproj", "{A1000014-0014-0014-0014-000000000014}"
EndProject
Project("{FAE04EC0-301F-11D3-BF4B-00C04F79EFBC}") = "AbilityKit.GameFramework", "AbilityKit.GameFramework\AbilityKit.GameFramework.csproj", "{A1000015-0015-0015-0015-000000000015}"
EndProject
Project("{FAE04EC0-301F-11D3-BF4B-00C04F79EFBC}") = "AbilityKit.Host", "AbilityKit.Host\AbilityKit.Host.csproj", "{A1000016-0016-0016-0016-000000000016}"
EndProject
Project("{FAE04EC0-301F-11D3-BF4B-00C04F79EFBC}") = "AbilityKit.World.DI", "AbilityKit.World.DI\AbilityKit.World.DI.csproj", "{A1000017-0017-0017-0017-000000000017}"
EndProject
Project("{FAE04EC0-301F-11D3-BF4B-00C04F79EFBC}") = "AbilityKit.World.FrameSync", "AbilityKit.World.FrameSync\AbilityKit.World.FrameSync.csproj", "{A1000018-0018-0018-0018-000000000018}"
EndProject
Project("{FAE04EC0-301F-11D3-BF4B-00C04F79EFBC}") = "AbilityKit.World.Entitas", "AbilityKit.World.Entitas\AbilityKit.World.Entitas.csproj", "{A1000019-0019-0019-0019-000000000019}"
EndProject
Project("{FAE04EC0-301F-11D3-BF4B-00C04F79EFBC}") = "AbilityKit.HFSM.Core", "AbilityKit.HFSM.Core\AbilityKit.HFSM.Core.csproj", "{A1000020-0020-0020-0020-000000000020}"
EndProject
Project("{FAE04EC0-301F-11D3-BF4B-00C04F79EFBC}") = "AbilityKit.Record", "AbilityKit.Record\AbilityKit.Record.csproj", "{A1000021-0021-0021-0021-000000000021}"
EndProject
Project("{FAE04EC0-301F-11D3-BF4B-00C04F79EFBC}") = "AbilityKit.Triggering.Abstractions", "AbilityKit.Triggering.Abstractions\AbilityKit.Triggering.Abstractions.csproj", "{A1000022-0022-0022-0022-000000000022}"
EndProject
Project("{FAE04EC0-301F-11D3-BF4B-00C04F79EFBC}") = "AbilityKit.Triggering", "AbilityKit.Triggering\AbilityKit.Triggering.csproj", "{A1000023-0023-0023-0023-000000000023}"
EndProject
Project("{FAE04EC0-301F-11D3-BF4B-00C04F79EFBC}") = "AbilityKit.Combat.Collision.Abstractions", "AbilityKit.Combat.Collision.Abstractions\AbilityKit.Combat.Collision.Abstractions.csproj", "{A1000024-0024-0024-0024-000000000024}"
EndProject
Project("{FAE04EC0-301F-11D3-BF4B-00C04F79EFBC}") = "AbilityKit.Combat.Damage", "AbilityKit.Combat.Damage\AbilityKit.Combat.Damage.csproj", "{A1000026-0026-0026-0026-000000000026}"
EndProject
Project("{FAE04EC0-301F-11D3-BF4B-00C04F79EFBC}") = "AbilityKit.Combat.EntityManager", "AbilityKit.Combat.EntityManager\AbilityKit.Combat.EntityManager.csproj", "{A1000027-0027-0027-0027-000000000027}"
EndProject
Project("{FAE04EC0-301F-11D3-BF4B-00C04F79EFBC}") = "AbilityKit.Combat.Motion", "AbilityKit.Combat.Motion\AbilityKit.Combat.Motion.csproj", "{A1000028-0028-0028-0028-000000000028}"
EndProject
Project("{FAE04EC0-301F-11D3-BF4B-00C04F79EFBC}") = "AbilityKit.Combat.SkillLibrary", "AbilityKit.Combat.SkillLibrary\AbilityKit.Combat.SkillLibrary.csproj", "{A1000029-0029-0029-0029-000000000029}"
EndProject
Project("{FAE04EC0-301F-11D3-BF4B-00C04F79EFBC}") = "AbilityKit.Combat.Targeting", "AbilityKit.Combat.Targeting\AbilityKit.Combat.Targeting.csproj", "{A1000030-0030-0030-0030-000000000030}"
EndProject
Project("{FAE04EC0-301F-11D3-BF4B-00C04F79EFBC}") = "AbilityKit.Samples", "AbilityKit.Samples\AbilityKit.Samples.csproj", "{A1000031-0031-0031-0031-000000000031}"
EndProject
Project("{FAE04EC0-301F-11D3-BF4B-00C04F79EFBC}") = "AbilityKit.Samples.Abstractions", "AbilityKit.Samples.Abstractions\AbilityKit.Samples.Abstractions.csproj", "{A1000047-0047-0047-0047-000000000047}"
EndProject
Project("{FAE04EC0-301F-11D3-BF4B-00C04F79EFBC}") = "AbilityKit.Samples.Logic", "AbilityKit.Samples.Logic\AbilityKit.Samples.Logic.csproj", "{A1000048-0048-0048-0048-000000000048}"
EndProject
Project("{FAE04EC0-301F-11D3-BF4B-00C04F79EFBC}") = "AbilityKit.World.ECS", "AbilityKit.World.ECS\AbilityKit.World.ECS.csproj", "{A1000032-0032-0032-0032-000000000032}"
EndProject
Project("{FAE04EC0-301F-11D3-BF4B-00C04F79EFBC}") = "AbilityKit.HotReload", "AbilityKit.HotReload\AbilityKit.HotReload.csproj", "{A1000033-0033-0033-0033-000000000033}"
EndProject
Project("{FAE04EC0-301F-11D3-BF4B-00C04F79EFBC}") = "AbilityKit.Record.MemoryPack", "AbilityKit.Record.MemoryPack\AbilityKit.Record.MemoryPack.csproj", "{A1000034-0034-0034-0034-000000000034}"
EndProject
Project("{FAE04EC0-301F-11D3-BF4B-00C04F79EFBC}") = "AbilityKit.Ability.Config", "AbilityKit.Ability.Config\AbilityKit.Ability.Config.csproj", "{A1000035-0035-0035-0035-000000000035}"
EndProject
Project("{FAE04EC0-301F-11D3-BF4B-00C04F79EFBC}") = "AbilityKit.ThirdParty.Luban.Runtime", "AbilityKit.ThirdParty.Luban.Runtime\AbilityKit.ThirdParty.Luban.Runtime.csproj", "{A1000036-0036-0036-0036-000000000036}"
EndProject
Project("{FAE04EC0-301F-11D3-BF4B-00C04F79EFBC}") = "AbilityKit.Network.Runtime", "AbilityKit.Network.Runtime\AbilityKit.Network.Runtime.csproj", "{A1000037-0037-0037-0037-000000000037}"
EndProject
Project("{FAE04EC0-301F-11D3-BF4B-00C04F79EFBC}") = "AbilityKit.Flow", "AbilityKit.Flow\AbilityKit.Flow.csproj", "{A1000040-0040-0040-0040-000000000040}"
EndProject
Project("{FAE04EC0-301F-11D3-BF4B-00C04F79EFBC}") = "AbilityKit.Protocol.Moba", "AbilityKit.Protocol.Moba\AbilityKit.Protocol.Moba.csproj", "{A1000041-0041-0041-0041-000000000041}"
EndProject
Project("{FAE04EC0-301F-11D3-BF4B-00C04F79EFBC}") = "AbilityKit.Game.Battle.Transport.Runtime", "AbilityKit.Game.Battle.Transport.Runtime\AbilityKit.Game.Battle.Transport.Runtime.csproj", "{A1000042-0042-0042-0042-000000000042}"
EndProject
Project("{FAE04EC0-301F-11D3-BF4B-00C04F79EFBC}") = "AbilityKit.Combat.Projectile", "AbilityKit.Combat.Projectile\AbilityKit.Combat.Projectile.csproj", "{A1000043-0043-0043-0043-000000000043}"
EndProject
Project("{FAE04EC0-301F-11D3-BF4B-00C04F79EFBC}") = "AbilityKit.Ability.Explain", "AbilityKit.Ability.Explain\AbilityKit.Ability.Explain.csproj", "{A1000044-0044-0044-0044-000000000044}"
EndProject
Project("{FAE04EC0-301F-11D3-BF4B-00C04F79EFBC}") = "AbilityKit.World.StateSync", "AbilityKit.World.StateSync\AbilityKit.World.StateSync.csproj", "{A1000045-0045-0045-0045-000000000045}"
EndProject
Project("{FAE04EC0-301F-11D3-BF4B-00C04F79EFBC}") = "AbilityKit.World.Snapshot", "AbilityKit.World.Snapshot\AbilityKit.World.Snapshot.csproj", "{A1000038-0038-0038-0038-000000000038}"
EndProject
Project("{FAE04EC0-301F-11D3-BF4B-00C04F79EFBC}") = "AbilityKit.World.NetworkFragments", "AbilityKit.World.NetworkFragments\AbilityKit.World.NetworkFragments.csproj", "{A1000049-0049-0049-0049-000000000049}"
EndProject
Project("{FAE04EC0-301F-11D3-BF4B-00C04F79EFBC}") = "AbilityKit.Game.Battle.Runtime", "AbilityKit.Game.Battle.Runtime\AbilityKit.Game.Battle.Runtime.csproj", "{A1000039-0039-0039-0039-000000000039}"
EndProject
Project("{FAE04EC0-301F-11D3-BF4B-00C04F79EFBC}") = "AbilityKit.Analyzer", "AbilityKit.Analyzer\AbilityKit.Analyzer.csproj", "{A1000046-0046-0046-0046-000000000046}"
EndProject
Project("{FAE04EC0-301F-11D3-BF4B-00C04F79EFBC}") = "AbilityKit.Demo.Moba.Core", "AbilityKit.Demo.Moba.Core\AbilityKit.Demo.Moba.Core.csproj", "{958C6329-A5BA-4585-A21C-980EEDE59743}"
EndProject
Project("{FAE04EC0-301F-11D3-BF4B-00C04F79EFBC}") = "AbilityKit.Demo.Moba.Infrastructure", "AbilityKit.Demo.Moba.Infrastructure\AbilityKit.Demo.Moba.Infrastructure.csproj", "{EA89E94A-B596-4C4D-A00A-BB9EC8241933}"
EndProject
Project("{FAE04EC0-301F-11D3-BF4B-00C04F79EFBC}") = "AbilityKit.Demo.Moba.Console", "AbilityKit.Demo.Moba.Console\AbilityKit.Demo.Moba.Console.csproj", "{75330725-F44E-47F2-81B2-DF0DDDF98EE3}"
EndProject
Project("{FAE04EC0-301F-11D3-BF4B-00C04F79EFBC}") = "AbilityKit.ActionSchema", "AbilityKit.ActionSchema\AbilityKit.ActionSchema.csproj", "{794811E6-1C0D-435A-8255-98344169403F}"
EndProject
Project("{FAE04EC0-301F-11D3-BF4B-00C04F79EFBC}") = "AbilityKit.Ability", "AbilityKit.Ability\AbilityKit.Ability.csproj", "{10EFDB03-77DA-47E2-9AE8-2E9C2AA2A689}"
EndProject
Project("{FAE04EC0-301F-11D3-BF4B-00C04F79EFBC}") = "AbilityKit.BTCore", "AbilityKit.BTCore\AbilityKit.BTCore.csproj", "{2E3C6E48-ABD9-4F65-B629-5FE0D2D2F63F}"
EndProject
Project("{FAE04EC0-301F-11D3-BF4B-00C04F79EFBC}") = "AbilityKit.Demo.ET.Share", "AbilityKit.Demo.ET.Share\AbilityKit.Demo.ET.Share.csproj", "{A2000001-0001-0001-0001-000000000001}"
EndProject
Project("{FAE04EC0-301F-11D3-BF4B-00C04F79EFBC}") = "AbilityKit.Demo.ET.Logic", "AbilityKit.Demo.ET.Logic\AbilityKit.Demo.ET.Logic.csproj", "{A2000002-0002-0002-0002-000000000002}"
EndProject
Project("{FAE04EC0-301F-11D3-BF4B-00C04F79EFBC}") = "AbilityKit.Demo.ET.View", "AbilityKit.Demo.ET.View\AbilityKit.Demo.ET.View.csproj", "{A2000003-0003-0003-0003-000000000003}"
EndProject
Project("{FAE04EC0-301F-11D3-BF4B-00C04F79EFBC}") = "AbilityKit.Demo.ET.App", "AbilityKit.Demo.ET.App\AbilityKit.Demo.ET.App.csproj", "{A2000004-0004-0004-0004-000000000004}"
EndProject
Project("{FAE04EC0-301F-11D3-BF4B-00C04F79EFBC}") = "AbilityKit.Demo.Moba.View.Runtime.Tests", "AbilityKit.Demo.Moba.View.Runtime.Tests\AbilityKit.Demo.Moba.View.Runtime.Tests.csproj", "{700E8EB8-23E6-4F7D-B1C7-BE8E2948C021}"
EndProject
Project("{FAE04EC0-301F-11D3-BF4B-00C04F79EFBC}") = "AbilityKit.Demo.Moba.View.Runtime", "AbilityKit.Demo.Moba.View.Runtime\AbilityKit.Demo.Moba.View.Runtime.csproj", "{9DCB6F1F-4F00-4298-8192-79066A47A764}"
EndProject
Project("{FAE04EC0-301F-11D3-BF4B-00C04F79EFBC}") = "AbilityKit.Protocol.Room", "AbilityKit.Protocol.Room\AbilityKit.Protocol.Room.csproj", "{B85C725C-0B6D-4582-8903-52ED08CAB3E3}"
EndProject
Project("{FAE04EC0-301F-11D3-BF4B-00C04F79EFBC}") = "AbilityKit.Network.Runtime.Tests", "AbilityKit.Network.Runtime.Tests\AbilityKit.Network.Runtime.Tests.csproj", "{E9952F35-4EE1-423C-AF98-241E24410A03}"
EndProject
Global
	GlobalSection(SolutionConfigurationPlatforms) = preSolution
		Debug|Any CPU = Debug|Any CPU
		Debug|x64 = Debug|x64
		Debug|x86 = Debug|x86
		Release|Any CPU = Release|Any CPU
		Release|x64 = Release|x64
		Release|x86 = Release|x86
	EndGlobalSection
	GlobalSection(ProjectConfigurationPlatforms) = postSolution
		{A1000001-0001-0001-0001-000000000001}.Debug|Any CPU.ActiveCfg = Debug|Any CPU
		{A1000001-0001-0001-0001-000000000001}.Debug|Any CPU.Build.0 = Debug|Any CPU
		{A1000001-0001-0001-0001-000000000001}.Debug|x64.ActiveCfg = Debug|Any CPU
		{A1000001-0001-0001-0001-000000000001}.Debug|x64.Build.0 = Debug|Any CPU
		{A1000001-0001-0001-0001-000000000001}.Debug|x86.ActiveCfg = Debug|Any CPU
		{A1000001-0001-0001-0001-000000000001}.Debug|x86.Build.0 = Debug|Any CPU
		{A1000001-0001-0001-0001-000000000001}.Release|Any CPU.ActiveCfg = Release|Any CPU
		{A1000001-0001-0001-0001-000000000001}.Release|Any CPU.Build.0 = Release|Any CPU
		{A1000001-0001-0001-0001-000000000001}.Release|x64.ActiveCfg = Release|Any CPU
		{A1000001-0001-0001-0001-000000000001}.Release|x64.Build.0 = Release|Any CPU
		{A1000001-0001-0001-0001-000000000001}.Release|x86.ActiveCfg = Release|Any CPU
		{A1000001-0001-0001-0001-000000000001}.Release|x86.Build.0 = Release|Any CPU
		{A1000002-0002-0002-0002-000000000002}.Debug|Any CPU.ActiveCfg = Debug|Any CPU
		{A1000002-0002-0002-0002-000000000002}.Debug|Any CPU.Build.0 = Debug|Any CPU
		{A1000002-0002-0002-0002-000000000002}.Debug|x64.ActiveCfg = Debug|Any CPU
		{A1000002-0002-0002-0002-000000000002}.Debug|x64.Build.0 = Debug|Any CPU
		{A1000002-0002-0002-0002-000000000002}.Debug|x86.ActiveCfg = Debug|Any CPU
		{A1000002-0002-0002-0002-000000000002}.Debug|x86.Build.0 = Debug|Any CPU
		{A1000002-0002-0002-0002-000000000002}.Release|Any CPU.ActiveCfg = Release|Any CPU
		{A1000002-0002-0002-0002-000000000002}.Release|Any CPU.Build.0 = Release|Any CPU
		{A1000002-0002-0002-0002-000000000002}.Release|x64.ActiveCfg = Release|Any CPU
		{A1000002-0002-0002-0002-000000000002}.Release|x64.Build.0 = Release|Any CPU
		{A1000002-0002-0002-0002-000000000002}.Release|x86.ActiveCfg = Release|Any CPU
		{A1000002-0002-0002-0002-000000000002}.Release|x86.Build.0 = Release|Any CPU
		{A1000003-0003-0003-0003-000000000003}.Debug|Any CPU.ActiveCfg = Debug|Any CPU
		{A1000003-0003-0003-0003-000000000003}.Debug|Any CPU.Build.0 = Debug|Any CPU
		{A1000003-0003-0003-0003-000000000003}.Debug|x64.ActiveCfg = Debug|Any CPU
		{A1000003-0003-0003-0003-000000000003}.Debug|x64.Build.0 = Debug|Any CPU
		{A1000003-0003-0003-0003-000000000003}.Debug|x86.ActiveCfg = Debug|Any CPU
		{A1000003-0003-0003-0003-000000000003}.Debug|x86.Build.0 = Debug|Any CPU
		{A1000003-0003-0003-0003-000000000003}.Release|Any CPU.ActiveCfg = Release|Any CPU
		{A1000003-0003-0003-0003-000000000003}.Release|Any CPU.Build.0 = Release|Any CPU
		{A1000003-0003-0003-0003-000000000003}.Release|x64.ActiveCfg = Release|Any CPU
		{A1000003-0003-0003-0003-000000000003}.Release|x64.Build.0 = Release|Any CPU
		{A1000003-0003-0003-0003-000000000003}.Release|x86.ActiveCfg = Release|Any CPU
		{A1000003-0003-0003-0003-000000000003}.Release|x86.Build.0 = Release|Any CPU
		{A1000004-0004-0004-0004-000000000004}.Debug|Any CPU.ActiveCfg = Debug|Any CPU
		{A1000004-0004-0004-0004-000000000004}.Debug|Any CPU.Build.0 = Debug|Any CPU
		{A1000004-0004-0004-0004-000000000004}.Debug|x64.ActiveCfg = Debug|Any CPU
		{A1000004-0004-0004-0004-000000000004}.Debug|x64.Build.0 = Debug|Any CPU
		{A1000004-0004-0004-0004-000000000004}.Debug|x86.ActiveCfg = Debug|Any CPU
		{A1000004-0004-0004-0004-000000000004}.Debug|x86.Build.0 = Debug|Any CPU
		{A1000004-0004-0004-0004-000000000004}.Release|Any CPU.ActiveCfg = Release|Any CPU
		{A1000004-0004-0004-0004-000000000004}.Release|Any CPU.Build.0 = Release|Any CPU
		{A1000004-0004-0004-0004-000000000004}.Release|x64.ActiveCfg = Release|Any CPU
		{A1000004-0004-0004-0004-000000000004}.Release|x64.Build.0 = Release|Any CPU
		{A1000004-0004-0004-0004-000000000004}.Release|x86.ActiveCfg = Release|Any CPU
		{A1000004-0004-0004-0004-000000000004}.Release|x86.Build.0 = Release|Any CPU
		{A1000005-0005-0005-0005-000000000005}.Debug|Any CPU.ActiveCfg = Debug|Any CPU
		{A1000005-0005-0005-0005-000000000005}.Debug|Any CPU.Build.0 = Debug|Any CPU
		{A1000005-0005-0005-0005-000000000005}.Debug|x64.ActiveCfg = Debug|Any CPU
		{A1000005-0005-0005-0005-000000000005}.Debug|x64.Build.0 = Debug|Any CPU
		{A1000005-0005-0005-0005-000000000005}.Debug|x86.ActiveCfg = Debug|Any CPU
		{A1000005-0005-0005-0005-000000000005}.Debug|x86.Build.0 = Debug|Any CPU
		{A1000005-0005-0005-0005-000000000005}.Release|Any CPU.ActiveCfg = Release|Any CPU
		{A1000005-0005-0005-0005-000000000005}.Release|Any CPU.Build.0 = Release|Any CPU
		{A1000005-0005-0005-0005-000000000005}.Release|x64.ActiveCfg = Release|Any CPU
		{A1000005-0005-0005-0005-000000000005}.Release|x64.Build.0 = Release|Any CPU
		{A1000005-0005-0005-0005-000000000005}.Release|x86.ActiveCfg = Release|Any CPU
		{A1000005-0005-0005-0005-000000000005}.Release|x86.Build.0 = Release|Any CPU
		{A1000006-0006-0006-0006-000000000006}.Debug|Any CPU.ActiveCfg = Debug|Any CPU
		{A1000006-0006-0006-0006-000000000006}.Debug|Any CPU.Build.0 = Debug|Any CPU
		{A1000006-0006-0006-0006-000000000006}.Debug|x64.ActiveCfg = Debug|Any CPU
		{A1000006-0006-0006-0006-000000000006}.Debug|x64.Build.0 = Debug|Any CPU
		{A1000006-0006-0006-0006-000000000006}.Debug|x86.ActiveCfg = Debug|Any CPU
		{A1000006-0006-0006-0006-000000000006}.Debug|x86.Build.0 = Debug|Any CPU
		{A1000006-0006-0006-0006-000000000006}.Release|Any CPU.ActiveCfg = Release|Any CPU
		{A1000006-0006-0006-0006-000000000006}.Release|Any CPU.Build.0 = Release|Any CPU
		{A1000006-0006-0006-0006-000000000006}.Release|x64.ActiveCfg = Release|Any CPU
		{A1000006-0006-0006-0006-000000000006}.Release|x64.Build.0 = Release|Any CPU
		{A1000006-0006-0006-0006-000000000006}.Release|x86.ActiveCfg = Release|Any CPU
		{A1000006-0006-0006-0006-000000000006}.Release|x86.Build.0 = Release|Any CPU
		{A1000007-0007-0007-0007-000000000007}.Debug|Any CPU.ActiveCfg = Debug|Any CPU
		{A1000007-0007-0007-0007-000000000007}.Debug|Any CPU.Build.0 = Debug|Any CPU
		{A1000007-0007-0007-0007-000000000007}.Debug|x64.ActiveCfg = Debug|Any CPU
		{A1000007-0007-0007-0007-000000000007}.Debug|x64.Build.0 = Debug|Any CPU
		{A1000007-0007-0007-0007-000000000007}.Debug|x86.ActiveCfg = Debug|Any CPU
		{A1000007-0007-0007-0007-000000000007}.Debug|x86.Build.0 = Debug|Any CPU
		{A1000007-0007-0007-0007-000000000007}.Release|Any CPU.ActiveCfg = Release|Any CPU
		{A1000007-0007-0007-0007-000000000007}.Release|Any CPU.Build.0 = Release|Any CPU
		{A1000007-0007-0007-0007-000000000007}.Release|x64.ActiveCfg = Release|Any CPU
		{A1000007-0007-0007-0007-000000000007}.Release|x64.Build.0 = Release|Any CPU
		{A1000007-0007-0007-0007-000000000007}.Release|x86.ActiveCfg = Release|Any CPU
		{A1000007-0007-0007-0007-000000000007}.Release|x86.Build.0 = Release|Any CPU
		{A1000008-0008-0008-0008-000000000008}.Debug|Any CPU.ActiveCfg = Debug|Any CPU
		{A1000008-0008-0008-0008-000000000008}.Debug|Any CPU.Build.0 = Debug|Any CPU
		{A1000008-0008-0008-0008-000000000008}.Debug|x64.ActiveCfg = Debug|Any CPU
		{A1000008-0008-0008-0008-000000000008}.Debug|x64.Build.0 = Debug|Any CPU
		{A1000008-0008-0008-0008-000000000008}.Debug|x86.ActiveCfg = Debug|Any CPU
		{A1000008-0008-0008-0008-000000000008}.Debug|x86.Build.0 = Debug|Any CPU
		{A1000008-0008-0008-0008-000000000008}.Release|Any CPU.ActiveCfg = Release|Any CPU
		{A1000008-0008-0008-0008-000000000008}.Release|Any CPU.Build.0 = Release|Any CPU
		{A1000008-0008-0008-0008-000000000008}.Release|x64.ActiveCfg = Release|Any CPU
		{A1000008-0008-0008-0008-000000000008}.Release|x64.Build.0 = Release|Any CPU
		{A1000008-0008-0008-0008-000000000008}.Release|x86.ActiveCfg = Release|Any CPU
		{A1000008-0008-0008-0008-000000000008}.Release|x86.Build.0 = Release|Any CPU
		{A1000009-0009-0009-0009-000000000009}.Debug|Any CPU.ActiveCfg = Debug|Any CPU
		{A1000009-0009-0009-0009-000000000009}.Debug|Any CPU.Build.0 = Debug|Any CPU
		{A1000009-0009-0009-0009-000000000009}.Debug|x64.ActiveCfg = Debug|Any CPU
		{A1000009-0009-0009-0009-000000000009}.Debug|x64.Build.0 = Debug|Any CPU
		{A1000009-0009-0009-0009-000000000009}.Debug|x86.ActiveCfg = Debug|Any CPU
		{A1000009-0009-0009-0009-000000000009}.Debug|x86.Build.0 = Debug|Any CPU
		{A1000009-0009-0009-0009-000000000009}.Release|Any CPU.ActiveCfg = Release|Any CPU
		{A1000009-0009-0009-0009-000000000009}.Release|Any CPU.Build.0 = Release|Any CPU
		{A1000009-0009-0009-0009-000000000009}.Release|x64.ActiveCfg = Release|Any CPU
		{A1000009-0009-0009-0009-000000000009}.Release|x64.Build.0 = Release|Any CPU
		{A1000009-0009-0009-0009-000000000009}.Release|x86.ActiveCfg = Release|Any CPU
		{A1000009-0009-0009-0009-000000000009}.Release|x86.Build.0 = Release|Any CPU
		{A1000010-0010-0010-0010-000000000010}.Debug|Any CPU.ActiveCfg = Debug|Any CPU
		{A1000010-0010-0010-0010-000000000010}.Debug|Any CPU.Build.0 = Debug|Any CPU
		{A1000010-0010-0010-0010-000000000010}.Debug|x64.ActiveCfg = Debug|Any CPU
		{A1000010-0010-0010-0010-000000000010}.Debug|x64.Build.0 = Debug|Any CPU
		{A1000010-0010-0010-0010-000000000010}.Debug|x86.ActiveCfg = Debug|Any CPU
		{A1000010-0010-0010-0010-000000000010}.Debug|x86.Build.0 = Debug|Any CPU
		{A1000010-0010-0010-0010-000000000010}.Release|Any CPU.ActiveCfg = Release|Any CPU
		{A1000010-0010-0010-0010-000000000010}.Release|Any CPU.Build.0 = Release|Any CPU
		{A1000010-0010-0010-0010-000000000010}.Release|x64.ActiveCfg = Release|Any CPU
		{A1000010-0010-0010-0010-000000000010}.Release|x64.Build.0 = Release|Any CPU
		{A1000010-0010-0010-0010-000000000010}.Release|x86.ActiveCfg = Release|Any CPU
		{A1000010-0010-0010-0010-000000000010}.Release|x86.Build.0 = Release|Any CPU
		{A1000011-0011-0011-0011-000000000011}.Debug|Any CPU.ActiveCfg = Debug|Any CPU
		{A1000011-0011-0011-0011-000000000011}.Debug|Any CPU.Build.0 = Debug|Any CPU
		{A1000011-0011-0011-0011-000000000011}.Debug|x64.ActiveCfg = Debug|Any CPU
		{A1000011-0011-0011-0011-000000000011}.Debug|x64.Build.0 = Debug|Any CPU
		{A1000011-0011-0011-0011-000000000011}.Debug|x86.ActiveCfg = Debug|Any CPU
		{A1000011-0011-0011-0011-000000000011}.Debug|x86.Build.0 = Debug|Any CPU
		{A1000011-0011-0011-0011-000000000011}.Release|Any CPU.ActiveCfg = Release|Any CPU
		{A1000011-0011-0011-0011-000000000011}.Release|Any CPU.Build.0 = Release|Any CPU
		{A1000011-0011-0011-0011-000000000011}.Release|x64.ActiveCfg = Release|Any CPU
		{A1000011-0011-0011-0011-000000000011}.Release|x64.Build.0 = Release|Any CPU
		{A1000011-0011-0011-0011-000000000011}.Release|x86.ActiveCfg = Release|Any CPU
		{A1000011-0011-0011-0011-000000000011}.Release|x86.Build.0 = Release|Any CPU
		{A1000012-0012-0012-0012-000000000012}.Debug|Any CPU.ActiveCfg = Debug|Any CPU
		{A1000012-0012-0012-0012-000000000012}.Debug|Any CPU.Build.0 = Debug|Any CPU
		{A1000012-0012-0012-0012-000000000012}.Debug|x64.ActiveCfg = Debug|Any CPU
		{A1000012-0012-0012-0012-000000000012}.Debug|x64.Build.0 = Debug|Any CPU
		{A1000012-0012-0012-0012-000000000012}.Debug|x86.ActiveCfg = Debug|Any CPU
		{A1000012-0012-0012-0012-000000000012}.Debug|x86.Build.0 = Debug|Any CPU
		{A1000012-0012-0012-0012-000000000012}.Release|Any CPU.ActiveCfg = Release|Any CPU
		{A1000012-0012-0012-0012-000000000012}.Release|Any CPU.Build.0 = Release|Any CPU
		{A1000012-0012-0012-0012-000000000012}.Release|x64.ActiveCfg = Release|Any CPU
		{A1000012-0012-0012-0012-000000000012}.Release|x64.Build.0 = Release|Any CPU
		{A1000012-0012-0012-0012-000000000012}.Release|x86.ActiveCfg = Release|Any CPU
		{A1000012-0012-0012-0012-000000000012}.Release|x86.Build.0 = Release|Any CPU
		{A1000013-0013-0013-0013-000000000013}.Debug|Any CPU.ActiveCfg = Debug|Any CPU
		{A1000013-0013-0013-0013-000000000013}.Debug|Any CPU.Build.0 = Debug|Any CPU
		{A1000013-0013-0013-0013-000000000013}.Debug|x64.ActiveCfg = Debug|Any CPU
		{A1000013-0013-0013-0013-000000000013}.Debug|x64.Build.0 = Debug|Any CPU
		{A1000013-0013-0013-0013-000000000013}.Debug|x86.ActiveCfg = Debug|Any CPU
		{A1000013-0013-0013-0013-000000000013}.Debug|x86.Build.0 = Debug|Any CPU
		{A1000013-0013-0013-0013-000000000013}.Release|Any CPU.ActiveCfg = Release|Any CPU
		{A1000013-0013-0013-0013-000000000013}.Release|Any CPU.Build.0 = Release|Any CPU
		{A1000013-0013-0013-0013-000000000013}.Release|x64.ActiveCfg = Release|Any CPU
		{A1000013-0013-0013-0013-000000000013}.Release|x64.Build.0 = Release|Any CPU
		{A1000013-0013-0013-0013-000000000013}.Release|x86.ActiveCfg = Release|Any CPU
		{A1000013-0013-0013-0013-000000000013}.Release|x86.Build.0 = Release|Any CPU
		{A1000014-0014-0014-0014-000000000014}.Debug|Any CPU.ActiveCfg = Debug|Any CPU
		{A1000014-0014-0014-0014-000000000014}.Debug|Any CPU.Build.0 = Debug|Any CPU
		{A1000014-0014-0014-0014-000000000014}.Debug|x64.ActiveCfg = Debug|Any CPU
		{A1000014-0014-0014-0014-000000000014}.Debug|x64.Build.0 = Debug|Any CPU
		{A1000014-0014-0014-0014-000000000014}.Debug|x86.ActiveCfg = Debug|Any CPU
		{A1000014-0014-0014-0014-000000000014}.Debug|x86.Build.0 = Debug|Any CPU
		{A1000014-0014-0014-0014-000000000014}.Release|Any CPU.ActiveCfg = Release|Any CPU
		{A1000014-0014-0014-0014-000000000014}.Release|Any CPU.Build.0 = Release|Any CPU
		{A1000014-0014-0014-0014-000000000014}.Release|x64.ActiveCfg = Release|Any CPU
		{A1000014-0014-0014-0014-000000000014}.Release|x64.Build.0 = Release|Any CPU
		{A1000014-0014-0014-0014-000000000014}.Release|x86.ActiveCfg = Release|Any CPU
		{A1000014-0014-0014-0014-000000000014}.Release|x86.Build.0 = Release|Any CPU
		{A1000015-0015-0015-0015-000000000015}.Debug|Any CPU.ActiveCfg = Debug|Any CPU
		{A1000015-0015-0015-0015-000000000015}.Debug|Any CPU.Build.0 = Debug|Any CPU
		{A1000015-0015-0015-0015-000000000015}.Debug|x64.ActiveCfg = Debug|Any CPU
		{A1000015-0015-0015-0015-000000000015}.Debug|x64.Build.0 = Debug|Any CPU
		{A1000015-0015-0015-0015-000000000015}.Debug|x86.ActiveCfg = Debug|Any CPU
		{A1000015-0015-0015-0015-000000000015}.Debug|x86.Build.0 = Debug|Any CPU
		{A1000015-0015-0015-0015-000000000015}.Release|Any CPU.ActiveCfg = Release|Any CPU
		{A1000015-0015-0015-0015-000000000015}.Release|Any CPU.Build.0 = Release|Any CPU
		{A1000015-0015-0015-0015-000000000015}.Release|x64.ActiveCfg = Release|Any CPU
		{A1000015-0015-0015-0015-000000000015}.Release|x64.Build.0 = Release|Any CPU
		{A1000015-0015-0015-0015-000000000015}.Release|x86.ActiveCfg = Release|Any CPU
		{A1000015-0015-0015-0015-000000000015}.Release|x86.Build.0 = Release|Any CPU
		{A1000016-0016-0016-0016-000000000016}.Debug|Any CPU.ActiveCfg = Debug|Any CPU
		{A1000016-0016-0016-0016-000000000016}.Debug|Any CPU.Build.0 = Debug|Any CPU
		{A1000016-0016-0016-0016-000000000016}.Debug|x64.ActiveCfg = Debug|Any CPU
		{A1000016-0016-0016-0016-000000000016}.Debug|x64.Build.0 = Debug|Any CPU
		{A1000016-0016-0016-0016-000000000016}.Debug|x86.ActiveCfg = Debug|Any CPU
		{A1000016-0016-0016-0016-000000000016}.Debug|x86.Build.0 = Debug|Any CPU
		{A1000016-0016-0016-0016-000000000016}.Release|Any CPU.ActiveCfg = Release|Any CPU
		{A1000016-0016-0016-0016-000000000016}.Release|Any CPU.Build.0 = Release|Any CPU
		{A1000016-0016-0016-0016-000000000016}.Release|x64.ActiveCfg = Release|Any CPU
		{A1000016-0016-0016-0016-000000000016}.Release|x64.Build.0 = Release|Any CPU
		{A1000016-0016-0016-0016-000000000016}.Release|x86.ActiveCfg = Release|Any CPU
		{A1000016-0016-0016-0016-000000000016}.Release|x86.Build.0 = Release|Any CPU
		{A1000017-0017-0017-0017-000000000017}.Debug|Any CPU.ActiveCfg = Debug|Any CPU
		{A1000017-0017-0017-0017-000000000017}.Debug|Any CPU.Build.0 = Debug|Any CPU
		{A1000017-0017-0017-0017-000000000017}.Debug|x64.ActiveCfg = Debug|Any CPU
		{A1000017-0017-0017-0017-000000000017}.Debug|x64.Build.0 = Debug|Any CPU
		{A1000017-0017-0017-0017-000000000017}.Debug|x86.ActiveCfg = Debug|Any CPU
		{A1000017-0017-0017-0017-000000000017}.Debug|x86.Build.0 = Debug|Any CPU
		{A1000017-0017-0017-0017-000000000017}.Release|Any CPU.ActiveCfg = Release|Any CPU
		{A1000017-0017-0017-0017-000000000017}.Release|Any CPU.Build.0 = Release|Any CPU
		{A1000017-0017-0017-0017-000000000017}.Release|x64.ActiveCfg = Release|Any CPU
		{A1000017-0017-0017-0017-000000000017}.Release|x64.Build.0 = Release|Any CPU
		{A1000017-0017-0017-0017-000000000017}.Release|x86.ActiveCfg = Release|Any CPU
		{A1000017-0017-0017-0017-000000000017}.Release|x86.Build.0 = Release|Any CPU
		{A1000018-0018-0018-0018-000000000018}.Debug|Any CPU.ActiveCfg = Debug|Any CPU
		{A1000018-0018-0018-0018-000000000018}.Debug|Any CPU.Build.0 = Debug|Any CPU
		{A1000018-0018-0018-0018-000000000018}.Debug|x64.ActiveCfg = Debug|Any CPU
		{A1000018-0018-0018-0018-000000000018}.Debug|x64.Build.0 = Debug|Any CPU
		{A1000018-0018-0018-0018-000000000018}.Debug|x86.ActiveCfg = Debug|Any CPU
		{A1000018-0018-0018-0018-000000000018}.Debug|x86.Build.0 = Debug|Any CPU
		{A1000018-0018-0018-0018-000000000018}.Release|Any CPU.ActiveCfg = Release|Any CPU
		{A1000018-0018-0018-0018-000000000018}.Release|Any CPU.Build.0 = Release|Any CPU
		{A1000018-0018-0018-0018-000000000018}.Release|x64.ActiveCfg = Release|Any CPU
		{A1000018-0018-0018-0018-000000000018}.Release|x64.Build.0 = Release|Any CPU
		{A1000018-0018-0018-0018-000000000018}.Release|x86.ActiveCfg = Release|Any CPU
		{A1000018-0018-0018-0018-000000000018}.Release|x86.Build.0 = Release|Any CPU
		{A1000019-0019-0019-0019-000000000019}.Debug|Any CPU.ActiveCfg = Debug|Any CPU
		{A1000019-0019-0019-0019-000000000019}.Debug|Any CPU.Build.0 = Debug|Any CPU
		{A1000019-0019-0019-0019-000000000019}.Debug|x64.ActiveCfg = Debug|Any CPU
		{A1000019-0019-0019-0019-000000000019}.Debug|x64.Build.0 = Debug|Any CPU
		{A1000019-0019-0019-0019-000000000019}.Debug|x86.ActiveCfg = Debug|Any CPU
		{A1000019-0019-0019-0019-000000000019}.Debug|x86.Build.0 = Debug|Any CPU
		{A1000019-0019-0019-0019-000000000019}.Release|Any CPU.ActiveCfg = Release|Any CPU
		{A1000019-0019-0019-0019-000000000019}.Release|Any CPU.Build.0 = Release|Any CPU
		{A1000019-0019-0019-0019-000000000019}.Release|x64.ActiveCfg = Release|Any CPU
		{A1000019-0019-0019-0019-000000000019}.Release|x64.Build.0 = Release|Any CPU
		{A1000019-0019-0019-0019-000000000019}.Release|x86.ActiveCfg = Release|Any CPU
		{A1000019-0019-0019-0019-000000000019}.Release|x86.Build.0 = Release|Any CPU
		{A1000020-0020-0020-0020-000000000020}.Debug|Any CPU.ActiveCfg = Debug|Any CPU
		{A1000020-0020-0020-0020-000000000020}.Debug|Any CPU.Build.0 = Debug|Any CPU
		{A1000020-0020-0020-0020-000000000020}.Debug|x64.ActiveCfg = Debug|Any CPU
		{A1000020-0020-0020-0020-000000000020}.Debug|x64.Build.0 = Debug|Any CPU
		{A1000020-0020-0020-0020-000000000020}.Debug|x86.ActiveCfg = Debug|Any CPU
		{A1000020-0020-0020-0020-000000000020}.Debug|x86.Build.0 = Debug|Any CPU
		{A1000020-0020-0020-0020-000000000020}.Release|Any CPU.ActiveCfg = Release|Any CPU
		{A1000020-0020-0020-0020-000000000020}.Release|Any CPU.Build.0 = Release|Any CPU
		{A1000020-0020-0020-0020-000000000020}.Release|x64.ActiveCfg = Release|Any CPU
		{A1000020-0020-0020-0020-000000000020}.Release|x64.Build.0 = Release|Any CPU
		{A1000020-0020-0020-0020-000000000020}.Release|x86.ActiveCfg = Release|Any CPU
		{A1000020-0020-0020-0020-000000000020}.Release|x86.Build.0 = Release|Any CPU
		{A1000021-0021-0021-0021-000000000021}.Debug|Any CPU.ActiveCfg = Debug|Any CPU
		{A1000021-0021-0021-0021-000000000021}.Debug|Any CPU.Build.0 = Debug|Any CPU
		{A1000021-0021-0021-0021-000000000021}.Debug|x64.ActiveCfg = Debug|Any CPU
		{A1000021-0021-0021-0021-000000000021}.Debug|x64.Build.0 = Debug|Any CPU
		{A1000021-0021-0021-0021-000000000021}.Debug|x86.ActiveCfg = Debug|Any CPU
		{A1000021-0021-0021-0021-000000000021}.Debug|x86.Build.0 = Debug|Any CPU
		{A1000021-0021-0021-0021-000000000021}.Release|Any CPU.ActiveCfg = Release|Any CPU
		{A1000021-0021-0021-0021-000000000021}.Release|Any CPU.Build.0 = Release|Any CPU
		{A1000021-0021-0021-0021-000000000021}.Release|x64.ActiveCfg = Release|Any CPU
		{A1000021-0021-0021-0021-000000000021}.Release|x64.Build.0 = Release|Any CPU
		{A1000021-0021-0021-0021-000000000021}.Release|x86.ActiveCfg = Release|Any CPU
		{A1000021-0021-0021-0021-000000000021}.Release|x86.Build.0 = Release|Any CPU
		{A1000022-0022-0022-0022-000000000022}.Debug|Any CPU.ActiveCfg = Debug|Any CPU
		{A1000022-0022-0022-0022-000000000022}.Debug|Any CPU.Build.0 = Debug|Any CPU
		{A1000022-0022-0022-0022-000000000022}.Debug|x64.ActiveCfg = Debug|Any CPU
		{A1000022-0022-0022-0022-000000000022}.Debug|x64.Build.0 = Debug|Any CPU
		{A1000022-0022-0022-0022-000000000022}.Debug|x86.ActiveCfg = Debug|Any CPU
		{A1000022-0022-0022-0022-000000000022}.Debug|x86.Build.0 = Debug|Any CPU
		{A1000022-0022-0022-0022-000000000022}.Release|Any CPU.ActiveCfg = Release|Any CPU
		{A1000022-0022-0022-0022-000000000022}.Release|Any CPU.Build.0 = Release|Any CPU
		{A1000022-0022-0022-0022-000000000022}.Release|x64.ActiveCfg = Release|Any CPU
		{A1000022-0022-0022-0022-000000000022}.Release|x64.Build.0 = Release|Any CPU
		{A1000022-0022-0022-0022-000000000022}.Release|x86.ActiveCfg = Release|Any CPU
		{A1000022-0022-0022-0022-000000000022}.Release|x86.Build.0 = Release|Any CPU
		{A1000023-0023-0023-0023-000000000023}.Debug|Any CPU.ActiveCfg = Debug|Any CPU
		{A1000023-0023-0023-0023-000000000023}.Debug|Any CPU.Build.0 = Debug|Any CPU
		{A1000023-0023-0023-0023-000000000023}.Debug|x64.ActiveCfg = Debug|Any CPU
		{A1000023-0023-0023-0023-000000000023}.Debug|x64.Build.0 = Debug|Any CPU
		{A1000023-0023-0023-0023-000000000023}.Debug|x86.ActiveCfg = Debug|Any CPU
		{A1000023-0023-0023-0023-000000000023}.Debug|x86.Build.0 = Debug|Any CPU
		{A1000023-0023-0023-0023-000000000023}.Release|Any CPU.ActiveCfg = Release|Any CPU
		{A1000023-0023-0023-0023-000000000023}.Release|Any CPU.Build.0 = Release|Any CPU
		{A1000023-0023-0023-0023-000000000023}.Release|x64.ActiveCfg = Release|Any CPU
		{A1000023-0023-0023-0023-000000000023}.Release|x64.Build.0 = Release|Any CPU
		{A1000023-0023-0023-0023-000000000023}.Release|x86.ActiveCfg = Release|Any CPU
		{A1000023-0023-0023-0023-000000000023}.Release|x86.Build.0 = Release|Any CPU
		{A1000024-0024-0024-0024-000000000024}.Debug|Any CPU.ActiveCfg = Debug|Any CPU
		{A1000024-0024-0024-0024-000000000024}.Debug|Any CPU.Build.0 = Debug|Any CPU
		{A1000024-0024-0024-0024-000000000024}.Debug|x64.ActiveCfg = Debug|Any CPU
		{A1000024-0024-0024-0024-000000000024}.Debug|x64.Build.0 = Debug|Any CPU
		{A1000024-0024-0024-0024-000000000024}.Debug|x86.ActiveCfg = Debug|Any CPU
		{A1000024-0024-0024-0024-000000000024}.Debug|x86.Build.0 = Debug|Any CPU
		{A1000024-0024-0024-0024-000000000024}.Release|Any CPU.ActiveCfg = Release|Any CPU
		{A1000024-0024-0024-0024-000000000024}.Release|Any CPU.Build.0 = Release|Any CPU
		{A1000024-0024-0024-0024-000000000024}.Release|x64.ActiveCfg = Release|Any CPU
		{A1000024-0024-0024-0024-000000000024}.Release|x64.Build.0 = Release|Any CPU
		{A1000024-0024-0024-0024-000000000024}.Release|x86.ActiveCfg = Release|Any CPU
		{A1000024-0024-0024-0024-000000000024}.Release|x86.Build.0 = Release|Any CPU
		{A1000026-0026-0026-0026-000000000026}.Debug|Any CPU.ActiveCfg = Debug|Any CPU
		{A1000026-0026-0026-0026-000000000026}.Debug|Any CPU.Build.0 = Debug|Any CPU
		{A1000026-0026-0026-0026-000000000026}.Debug|x64.ActiveCfg = Debug|Any CPU
		{A1000026-0026-0026-0026-000000000026}.Debug|x64.Build.0 = Debug|Any CPU
		{A1000026-0026-0026-0026-000000000026}.Debug|x86.ActiveCfg = Debug|Any CPU
		{A1000026-0026-0026-0026-000000000026}.Debug|x86.Build.0 = Debug|Any CPU
		{A1000026-0026-0026-0026-000000000026}.Release|Any CPU.ActiveCfg = Release|Any CPU
		{A1000026-0026-0026-0026-000000000026}.Release|Any CPU.Build.0 = Release|Any CPU
		{A1000026-0026-0026-0026-000000000026}.Release|x64.ActiveCfg = Release|Any CPU
		{A1000026-0026-0026-0026-000000000026}.Release|x64.Build.0 = Release|Any CPU
		{A1000026-0026-0026-0026-000000000026}.Release|x86.ActiveCfg = Release|Any CPU
		{A1000026-0026-0026-0026-000000000026}.Release|x86.Build.0 = Release|Any CPU
		{A1000027-0027-0027-0027-000000000027}.Debug|Any CPU.ActiveCfg = Debug|Any CPU
		{A1000027-0027-0027-0027-000000000027}.Debug|Any CPU.Build.0 = Debug|Any CPU
		{A1000027-0027-0027-0027-000000000027}.Debug|x64.ActiveCfg = Debug|Any CPU
		{A1000027-0027-0027-0027-000000000027}.Debug|x64.Build.0 = Debug|Any CPU
		{A1000027-0027-0027-0027-000000000027}.Debug|x86.ActiveCfg = Debug|Any CPU
		{A1000027-0027-0027-0027-000000000027}.Debug|x86.Build.0 = Debug|Any CPU
		{A1000027-0027-0027-0027-000000000027}.Release|Any CPU.ActiveCfg = Release|Any CPU
		{A1000027-0027-0027-0027-000000000027}.Release|Any CPU.Build.0 = Release|Any CPU
		{A1000027-0027-0027-0027-000000000027}.Release|x64.ActiveCfg = Release|Any CPU
		{A1000027-0027-0027-0027-000000000027}.Release|x64.Build.0 = Release|Any CPU
		{A1000027-0027-0027-0027-000000000027}.Release|x86.ActiveCfg = Release|Any CPU
		{A1000027-0027-0027-0027-000000000027}.Release|x86.Build.0 = Release|Any CPU
		{A1000028-0028-0028-0028-000000000028}.Debug|Any CPU.ActiveCfg = Debug|Any CPU
		{A1000028-0028-0028-0028-000000000028}.Debug|Any CPU.Build.0 = Debug|Any CPU
		{A1000028-0028-0028-0028-000000000028}.Debug|x64.ActiveCfg = Debug|Any CPU
		{A1000028-0028-0028-0028-000000000028}.Debug|x64.Build.0 = Debug|Any CPU
		{A1000028-0028-0028-0028-000000000028}.Debug|x86.ActiveCfg = Debug|Any CPU
		{A1000028-0028-0028-0028-000000000028}.Debug|x86.Build.0 = Debug|Any CPU
		{A1000028-0028-0028-0028-000000000028}.Release|Any CPU.ActiveCfg = Release|Any CPU
		{A1000028-0028-0028-0028-000000000028}.Release|Any CPU.Build.0 = Release|Any CPU
		{A1000028-0028-0028-0028-000000000028}.Release|x64.ActiveCfg = Release|Any CPU
		{A1000028-0028-0028-0028-000000000028}.Release|x64.Build.0 = Release|Any CPU
		{A1000028-0028-0028-0028-000000000028}.Release|x86.ActiveCfg = Release|Any CPU
		{A1000028-0028-0028-0028-000000000028}.Release|x86.Build.0 = Release|Any CPU
		{A1000029-0029-0029-0029-000000000029}.Debug|Any CPU.ActiveCfg = Debug|Any CPU
		{A1000029-0029-0029-0029-000000000029}.Debug|Any CPU.Build.0 = Debug|Any CPU
		{A1000029-0029-0029-0029-000000000029}.Debug|x64.ActiveCfg = Debug|Any CPU
		{A1000029-0029-0029-0029-000000000029}.Debug|x64.Build.0 = Debug|Any CPU
		{A1000029-0029-0029-0029-000000000029}.Debug|x86.ActiveCfg = Debug|Any CPU
		{A1000029-0029-0029-0029-000000000029}.Debug|x86.Build.0 = Debug|Any CPU
		{A1000029-0029-0029-0029-000000000029}.Release|Any CPU.ActiveCfg = Release|Any CPU
		{A1000029-0029-0029-0029-000000000029}.Release|Any CPU.Build.0 = Release|Any CPU
		{A1000029-0029-0029-0029-000000000029}.Release|x64.ActiveCfg = Release|Any CPU
		{A1000029-0029-0029-0029-000000000029}.Release|x64.Build.0 = Release|Any CPU
		{A1000029-0029-0029-0029-000000000029}.Release|x86.ActiveCfg = Release|Any CPU
		{A1000029-0029-0029-0029-000000000029}.Release|x86.Build.0 = Release|Any CPU
		{A1000030-0030-0030-0030-000000000030}.Debug|Any CPU.ActiveCfg = Debug|Any CPU
		{A1000030-0030-0030-0030-000000000030}.Debug|Any CPU.Build.0 = Debug|Any CPU
		{A1000030-0030-0030-0030-000000000030}.Debug|x64.ActiveCfg = Debug|Any CPU
		{A1000030-0030-0030-0030-000000000030}.Debug|x64.Build.0 = Debug|Any CPU
		{A1000030-0030-0030-0030-000000000030}.Debug|x86.ActiveCfg = Debug|Any CPU
		{A1000030-0030-0030-0030-000000000030}.Debug|x86.Build.0 = Debug|Any CPU
		{A1000030-0030-0030-0030-000000000030}.Release|Any CPU.ActiveCfg = Release|Any CPU
		{A1000030-0030-0030-0030-000000000030}.Release|Any CPU.Build.0 = Release|Any CPU
		{A1000030-0030-0030-0030-000000000030}.Release|x64.ActiveCfg = Release|Any CPU
		{A1000030-0030-0030-0030-000000000030}.Release|x64.Build.0 = Release|Any CPU
		{A1000030-0030-0030-0030-000000000030}.Release|x86.ActiveCfg = Release|Any CPU
		{A1000030-0030-0030-0030-000000000030}.Release|x86.Build.0 = Release|Any CPU
		{A1000031-0031-0031-0031-000000000031}.Debug|Any CPU.ActiveCfg = Debug|Any CPU
		{A1000031-0031-0031-0031-000000000031}.Debug|Any CPU.Build.0 = Debug|Any CPU
		{A1000031-0031-0031-0031-000000000031}.Debug|x64.ActiveCfg = Debug|Any CPU
		{A1000031-0031-0031-0031-000000000031}.Debug|x64.Build.0 = Debug|Any CPU
		{A1000031-0031-0031-0031-000000000031}.Debug|x86.ActiveCfg = Debug|Any CPU
		{A1000031-0031-0031-0031-000000000031}.Debug|x86.Build.0 = Debug|Any CPU
		{A1000031-0031-0031-0031-000000000031}.Release|Any CPU.ActiveCfg = Release|Any CPU
		{A1000031-0031-0031-0031-000000000031}.Release|Any CPU.Build.0 = Release|Any CPU
		{A1000031-0031-0031-0031-000000000031}.Release|x64.ActiveCfg = Release|Any CPU
		{A1000031-0031-0031-0031-000000000031}.Release|x64.Build.0 = Release|Any CPU
		{A1000031-0031-0031-0031-000000000031}.Release|x86.ActiveCfg = Release|Any CPU
		{A1000031-0031-0031-0031-000000000031}.Release|x86.Build.0 = Release|Any CPU
		{A1000047-0047-0047-0047-000000000047}.Debug|Any CPU.ActiveCfg = Debug|Any CPU
		{A1000047-0047-0047-0047-000000000047}.Debug|Any CPU.Build.0 = Debug|Any CPU
		{A1000047-0047-0047-0047-000000000047}.Debug|x64.ActiveCfg = Debug|Any CPU
		{A1000047-0047-0047-0047-000000000047}.Debug|x64.Build.0 = Debug|Any CPU
		{A1000047-0047-0047-0047-000000000047}.Debug|x86.ActiveCfg = Debug|Any CPU
		{A1000047-0047-0047-0047-000000000047}.Debug|x86.Build.0 = Debug|Any CPU
		{A1000047-0047-0047-0047-000000000047}.Release|Any CPU.ActiveCfg = Release|Any CPU
		{A1000047-0047-0047-0047-000000000047}.Release|Any CPU.Build.0 = Release|Any CPU
		{A1000047-0047-0047-0047-000000000047}.Release|x64.ActiveCfg = Release|Any CPU
		{A1000047-0047-0047-0047-000000000047}.Release|x64.Build.0 = Release|Any CPU
		{A1000047-0047-0047-0047-000000000047}.Release|x86.ActiveCfg = Release|Any CPU
		{A1000047-0047-0047-0047-000000000047}.Release|x86.Build.0 = Release|Any CPU
		{A1000048-0048-0048-0048-000000000048}.Debug|Any CPU.ActiveCfg = Debug|Any CPU
		{A1000048-0048-0048-0048-000000000048}.Debug|Any CPU.Build.0 = Debug|Any CPU
		{A1000048-0048-0048-0048-000000000048}.Debug|x64.ActiveCfg = Debug|Any CPU
		{A1000048-0048-0048-0048-000000000048}.Debug|x64.Build.0 = Debug|Any CPU
		{A1000048-0048-0048-0048-000000000048}.Debug|x86.ActiveCfg = Debug|Any CPU
		{A1000048-0048-0048-0048-000000000048}.Debug|x86.Build.0 = Debug|Any CPU
		{A1000048-0048-0048-0048-000000000048}.Release|Any CPU.ActiveCfg = Release|Any CPU
		{A1000048-0048-0048-0048-000000000048}.Release|Any CPU.Build.0 = Release|Any CPU
		{A1000048-0048-0048-0048-000000000048}.Release|x64.ActiveCfg = Release|Any CPU
		{A1000048-0048-0048-0048-000000000048}.Release|x64.Build.0 = Release|Any CPU
		{A1000048-0048-0048-0048-000000000048}.Release|x86.ActiveCfg = Release|Any CPU
		{A1000048-0048-0048-0048-000000000048}.Release|x86.Build.0 = Release|Any CPU
		{A1000032-0032-0032-0032-000000000032}.Debug|Any CPU.ActiveCfg = Debug|Any CPU
		{A1000032-0032-0032-0032-000000000032}.Debug|Any CPU.Build.0 = Debug|Any CPU
		{A1000032-0032-0032-0032-000000000032}.Debug|x64.ActiveCfg = Debug|Any CPU
		{A1000032-0032-0032-0032-000000000032}.Debug|x64.Build.0 = Debug|Any CPU
		{A1000032-0032-0032-0032-000000000032}.Debug|x86.ActiveCfg = Debug|Any CPU
		{A1000032-0032-0032-0032-000000000032}.Debug|x86.Build.0 = Debug|Any CPU
		{A1000032-0032-0032-0032-000000000032}.Release|Any CPU.ActiveCfg = Release|Any CPU
		{A1000032-0032-0032-0032-000000000032}.Release|Any CPU.Build.0 = Release|Any CPU
		{A1000032-0032-0032-0032-000000000032}.Release|x64.ActiveCfg = Release|Any CPU
		{A1000032-0032-0032-0032-000000000032}.Release|x64.Build.0 = Release|Any CPU
		{A1000032-0032-0032-0032-000000000032}.Release|x86.ActiveCfg = Release|Any CPU
		{A1000032-0032-0032-0032-000000000032}.Release|x86.Build.0 = Release|Any CPU
		{A1000033-0033-0033-0033-000000000033}.Debug|Any CPU.ActiveCfg = Debug|Any CPU
		{A1000033-0033-0033-0033-000000000033}.Debug|Any CPU.Build.0 = Debug|Any CPU
		{A1000033-0033-0033-0033-000000000033}.Debug|x64.ActiveCfg = Debug|Any CPU
		{A1000033-0033-0033-0033-000000000033}.Debug|x64.Build.0 = Debug|Any CPU
		{A1000033-0033-0033-0033-000000000033}.Debug|x86.ActiveCfg = Debug|Any CPU
		{A1000033-0033-0033-0033-000000000033}.Debug|x86.Build.0 = Debug|Any CPU
		{A1000033-0033-0033-0033-000000000033}.Release|Any CPU.ActiveCfg = Release|Any CPU
		{A1000033-0033-0033-0033-000000000033}.Release|Any CPU.Build.0 = Release|Any CPU
		{A1000033-0033-0033-0033-000000000033}.Release|x64.ActiveCfg = Release|Any CPU
		{A1000033-0033-0033-0033-000000000033}.Release|x64.Build.0 = Release|Any CPU
		{A1000033-0033-0033-0033-000000000033}.Release|x86.ActiveCfg = Release|Any CPU
		{A1000033-0033-0033-0033-000000000033}.Release|x86.Build.0 = Release|Any CPU
		{A1000034-0034-0034-0034-000000000034}.Debug|Any CPU.ActiveCfg = Debug|Any CPU
		{A1000034-0034-0034-0034-000000000034}.Debug|Any CPU.Build.0 = Debug|Any CPU
		{A1000034-0034-0034-0034-000000000034}.Debug|x64.ActiveCfg = Debug|Any CPU
		{A1000034-0034-0034-0034-000000000034}.Debug|x64.Build.0 = Debug|Any CPU
		{A1000034-0034-0034-0034-000000000034}.Debug|x86.ActiveCfg = Debug|Any CPU
		{A1000034-0034-0034-0034-000000000034}.Debug|x86.Build.0 = Debug|Any CPU
		{A1000034-0034-0034-0034-000000000034}.Release|Any CPU.ActiveCfg = Release|Any CPU
		{A1000034-0034-0034-0034-000000000034}.Release|Any CPU.Build.0 = Release|Any CPU
		{A1000034-0034-0034-0034-000000000034}.Release|x64.ActiveCfg = Release|Any CPU
		{A1000034-0034-0034-0034-000000000034}.Release|x64.Build.0 = Release|Any CPU
		{A1000034-0034-0034-0034-000000000034}.Release|x86.ActiveCfg = Release|Any CPU
		{A1000034-0034-0034-0034-000000000034}.Release|x86.Build.0 = Release|Any CPU
		{A1000035-0035-0035-0035-000000000035}.Debug|Any CPU.ActiveCfg = Debug|Any CPU
		{A1000035-0035-0035-0035-000000000035}.Debug|Any CPU.Build.0 = Debug|Any CPU
		{A1000035-0035-0035-0035-000000000035}.Debug|x64.ActiveCfg = Debug|Any CPU
		{A1000035-0035-0035-0035-000000000035}.Debug|x64.Build.0 = Debug|Any CPU
		{A1000035-0035-0035-0035-000000000035}.Debug|x86.ActiveCfg = Debug|Any CPU
		{A1000035-0035-0035-0035-000000000035}.Debug|x86.Build.0 = Debug|Any CPU
		{A1000035-0035-0035-0035-000000000035}.Release|Any CPU.ActiveCfg = Release|Any CPU
		{A1000035-0035-0035-0035-000000000035}.Release|Any CPU.Build.0 = Release|Any CPU
		{A1000035-0035-0035-0035-000000000035}.Release|x64.ActiveCfg = Release|Any CPU
		{A1000035-0035-0035-0035-000000000035}.Release|x64.Build.0 = Release|Any CPU
		{A1000035-0035-0035-0035-000000000035}.Release|x86.ActiveCfg = Release|Any CPU
		{A1000035-0035-0035-0035-000000000035}.Release|x86.Build.0 = Release|Any CPU
		{A1000036-0036-0036-0036-000000000036}.Debug|Any CPU.ActiveCfg = Debug|Any CPU
		{A1000036-0036-0036-0036-000000000036}.Debug|Any CPU.Build.0 = Debug|Any CPU
		{A1000036-0036-0036-0036-000000000036}.Debug|x64.ActiveCfg = Debug|Any CPU
		{A1000036-0036-0036-0036-000000000036}.Debug|x64.Build.0 = Debug|Any CPU
		{A1000036-0036-0036-0036-000000000036}.Debug|x86.ActiveCfg = Debug|Any CPU
		{A1000036-0036-0036-0036-000000000036}.Debug|x86.Build.0 = Debug|Any CPU
		{A1000036-0036-0036-0036-000000000036}.Release|Any CPU.ActiveCfg = Release|Any CPU
		{A1000036-0036-0036-0036-000000000036}.Release|Any CPU.Build.0 = Release|Any CPU
		{A1000036-0036-0036-0036-000000000036}.Release|x64.ActiveCfg = Release|Any CPU
		{A1000036-0036-0036-0036-000000000036}.Release|x64.Build.0 = Release|Any CPU
		{A1000036-0036-0036-0036-000000000036}.Release|x86.ActiveCfg = Release|Any CPU
		{A1000036-0036-0036-0036-000000000036}.Release|x86.Build.0 = Release|Any CPU
		{A1000037-0037-0037-0037-000000000037}.Debug|Any CPU.ActiveCfg = Debug|Any CPU
		{A1000037-0037-0037-0037-000000000037}.Debug|Any CPU.Build.0 = Debug|Any CPU
		{A1000037-0037-0037-0037-000000000037}.Debug|x64.ActiveCfg = Debug|Any CPU
		{A1000037-0037-0037-0037-000000000037}.Debug|x64.Build.0 = Debug|Any CPU
		{A1000037-0037-0037-0037-000000000037}.Debug|x86.ActiveCfg = Debug|Any CPU
		{A1000037-0037-0037-0037-000000000037}.Debug|x86.Build.0 = Debug|Any CPU
		{A1000037-0037-0037-0037-000000000037}.Release|Any CPU.ActiveCfg = Release|Any CPU
		{A1000037-0037-0037-0037-000000000037}.Release|Any CPU.Build.0 = Release|Any CPU
		{A1000037-0037-0037-0037-000000000037}.Release|x64.ActiveCfg = Release|Any CPU
		{A1000037-0037-0037-0037-000000000037}.Release|x64.Build.0 = Release|Any CPU
		{A1000037-0037-0037-0037-000000000037}.Release|x86.ActiveCfg = Release|Any CPU
		{A1000037-0037-0037-0037-000000000037}.Release|x86.Build.0 = Release|Any CPU
		{A1000040-0040-0040-0040-000000000040}.Debug|Any CPU.ActiveCfg = Debug|Any CPU
		{A1000040-0040-0040-0040-000000000040}.Debug|Any CPU.Build.0 = Debug|Any CPU
		{A1000040-0040-0040-0040-000000000040}.Debug|x64.ActiveCfg = Debug|Any CPU
		{A1000040-0040-0040-0040-000000000040}.Debug|x64.Build.0 = Debug|Any CPU
		{A1000040-0040-0040-0040-000000000040}.Debug|x86.ActiveCfg = Debug|Any CPU
		{A1000040-0040-0040-0040-000000000040}.Debug|x86.Build.0 = Debug|Any CPU
		{A1000040-0040-0040-0040-000000000040}.Release|Any CPU.ActiveCfg = Release|Any CPU
		{A1000040-0040-0040-0040-000000000040}.Release|Any CPU.Build.0 = Release|Any CPU
		{A1000040-0040-0040-0040-000000000040}.Release|x64.ActiveCfg = Release|Any CPU
		{A1000040-0040-0040-0040-000000000040}.Release|x64.Build.0 = Release|Any CPU
		{A1000040-0040-0040-0040-000000000040}.Release|x86.ActiveCfg = Release|Any CPU
		{A1000040-0040-0040-0040-000000000040}.Release|x86.Build.0 = Release|Any CPU
		{A1000041-0041-0041-0041-000000000041}.Debug|Any CPU.ActiveCfg = Debug|Any CPU
		{A1000041-0041-0041-0041-000000000041}.Debug|Any CPU.Build.0 = Debug|Any CPU
		{A1000041-0041-0041-0041-000000000041}.Debug|x64.ActiveCfg = Debug|Any CPU
		{A1000041-0041-0041-0041-000000000041}.Debug|x64.Build.0 = Debug|Any CPU
		{A1000041-0041-0041-0041-000000000041}.Debug|x86.ActiveCfg = Debug|Any CPU
		{A1000041-0041-0041-0041-000000000041}.Debug|x86.Build.0 = Debug|Any CPU
		{A1000041-0041-0041-0041-000000000041}.Release|Any CPU.ActiveCfg = Release|Any CPU
		{A1000041-0041-0041-0041-000000000041}.Release|Any CPU.Build.0 = Release|Any CPU
		{A1000041-0041-0041-0041-000000000041}.Release|x64.ActiveCfg = Release|Any CPU
		{A1000041-0041-0041-0041-000000000041}.Release|x64.Build.0 = Release|Any CPU
		{A1000041-0041-0041-0041-000000000041}.Release|x86.ActiveCfg = Release|Any CPU
		{A1000041-0041-0041-0041-000000000041}.Release|x86.Build.0 = Release|Any CPU
		{A1000042-0042-0042-0042-000000000042}.Debug|Any CPU.ActiveCfg = Debug|Any CPU
		{A1000042-0042-0042-0042-000000000042}.Debug|Any CPU.Build.0 = Debug|Any CPU
		{A1000042-0042-0042-0042-000000000042}.Debug|x64.ActiveCfg = Debug|Any CPU
		{A1000042-0042-0042-0042-000000000042}.Debug|x64.Build.0 = Debug|Any CPU
		{A1000042-0042-0042-0042-000000000042}.Debug|x86.ActiveCfg = Debug|Any CPU
		{A1000042-0042-0042-0042-000000000042}.Debug|x86.Build.0 = Debug|Any CPU
		{A1000042-0042-0042-0042-000000000042}.Release|Any CPU.ActiveCfg = Release|Any CPU
		{A1000042-0042-0042-0042-000000000042}.Release|Any CPU.Build.0 = Release|Any CPU
		{A1000042-0042-0042-0042-000000000042}.Release|x64.ActiveCfg = Release|Any CPU
		{A1000042-0042-0042-0042-000000000042}.Release|x64.Build.0 = Release|Any CPU
		{A1000042-0042-0042-0042-000000000042}.Release|x86.ActiveCfg = Release|Any CPU
		{A1000042-0042-0042-0042-000000000042}.Release|x86.Build.0 = Release|Any CPU
		{A1000043-0043-0043-0043-000000000043}.Debug|Any CPU.ActiveCfg = Debug|Any CPU
		{A1000043-0043-0043-0043-000000000043}.Debug|Any CPU.Build.0 = Debug|Any CPU
		{A1000043-0043-0043-0043-000000000043}.Debug|x64.ActiveCfg = Debug|Any CPU
		{A1000043-0043-0043-0043-000000000043}.Debug|x64.Build.0 = Debug|Any CPU
		{A1000043-0043-0043-0043-000000000043}.Debug|x86.ActiveCfg = Debug|Any CPU
		{A1000043-0043-0043-0043-000000000043}.Debug|x86.Build.0 = Debug|Any CPU
		{A1000043-0043-0043-0043-000000000043}.Release|Any CPU.ActiveCfg = Release|Any CPU
		{A1000043-0043-0043-0043-000000000043}.Release|Any CPU.Build.0 = Release|Any CPU
		{A1000043-0043-0043-0043-000000000043}.Release|x64.ActiveCfg = Release|Any CPU
		{A1000043-0043-0043-0043-000000000043}.Release|x64.Build.0 = Release|Any CPU
		{A1000043-0043-0043-0043-000000000043}.Release|x86.ActiveCfg = Release|Any CPU
		{A1000043-0043-0043-0043-000000000043}.Release|x86.Build.0 = Release|Any CPU
		{A1000044-0044-0044-0044-000000000044}.Debug|Any CPU.ActiveCfg = Debug|Any CPU
		{A1000044-0044-0044-0044-000000000044}.Debug|Any CPU.Build.0 = Debug|Any CPU
		{A1000044-0044-0044-0044-000000000044}.Debug|x64.ActiveCfg = Debug|Any CPU
		{A1000044-0044-0044-0044-000000000044}.Debug|x64.Build.0 = Debug|Any CPU
		{A1000044-0044-0044-0044-000000000044}.Debug|x86.ActiveCfg = Debug|Any CPU
		{A1000044-0044-0044-0044-000000000044}.Debug|x86.Build.0 = Debug|Any CPU
		{A1000044-0044-0044-0044-000000000044}.Release|Any CPU.ActiveCfg = Release|Any CPU
		{A1000044-0044-0044-0044-000000000044}.Release|Any CPU.Build.0 = Release|Any CPU
		{A1000044-0044-0044-0044-000000000044}.Release|x64.ActiveCfg = Release|Any CPU
		{A1000044-0044-0044-0044-000000000044}.Release|x64.Build.0 = Release|Any CPU
		{A1000044-0044-0044-0044-000000000044}.Release|x86.ActiveCfg = Release|Any CPU
		{A1000044-0044-0044-0044-000000000044}.Release|x86.Build.0 = Release|Any CPU
		{A1000045-0045-0045-0045-000000000045}.Debug|Any CPU.ActiveCfg = Debug|Any CPU
		{A1000045-0045-0045-0045-000000000045}.Debug|Any CPU.Build.0 = Debug|Any CPU
		{A1000045-0045-0045-0045-000000000045}.Debug|x64.ActiveCfg = Debug|Any CPU
		{A1000045-0045-0045-0045-000000000045}.Debug|x64.Build.0 = Debug|Any CPU
		{A1000045-0045-0045-0045-000000000045}.Debug|x86.ActiveCfg = Debug|Any CPU
		{A1000045-0045-0045-0045-000000000045}.Debug|x86.Build.0 = Debug|Any CPU
		{A1000045-0045-0045-0045-000000000045}.Release|Any CPU.ActiveCfg = Release|Any CPU
		{A1000045-0045-0045-0045-000000000045}.Release|Any CPU.Build.0 = Release|Any CPU
		{A1000045-0045-0045-0045-000000000045}.Release|x64.ActiveCfg = Release|Any CPU
		{A1000045-0045-0045-0045-000000000045}.Release|x64.Build.0 = Release|Any CPU
		{A1000045-0045-0045-0045-000000000045}.Release|x86.ActiveCfg = Release|Any CPU
		{A1000045-0045-0045-0045-000000000045}.Release|x86.Build.0 = Release|Any CPU
		{A1000038-0038-0038-0038-000000000038}.Debug|Any CPU.ActiveCfg = Debug|Any CPU
		{A1000038-0038-0038-0038-000000000038}.Debug|Any CPU.Build.0 = Debug|Any CPU
		{A1000038-0038-0038-0038-000000000038}.Debug|x64.ActiveCfg = Debug|Any CPU
		{A1000038-0038-0038-0038-000000000038}.Debug|x64.Build.0 = Debug|Any CPU
		{A1000038-0038-0038-0038-000000000038}.Debug|x86.ActiveCfg = Debug|Any CPU
		{A1000038-0038-0038-0038-000000000038}.Debug|x86.Build.0 = Debug|Any CPU
		{A1000038-0038-0038-0038-000000000038}.Release|Any CPU.ActiveCfg = Release|Any CPU
		{A1000038-0038-0038-0038-000000000038}.Release|Any CPU.Build.0 = Release|Any CPU
		{A1000038-0038-0038-0038-000000000038}.Release|x64.ActiveCfg = Release|Any CPU
		{A1000038-0038-0038-0038-000000000038}.Release|x64.Build.0 = Release|Any CPU
		{A1000038-0038-0038-0038-000000000038}.Release|x86.ActiveCfg = Release|Any CPU
		{A1000038-0038-0038-0038-000000000038}.Release|x86.Build.0 = Release|Any CPU
		{A1000049-0049-0049-0049-000000000049}.Debug|Any CPU.ActiveCfg = Debug|Any CPU
		{A1000049-0049-0049-0049-000000000049}.Debug|Any CPU.Build.0 = Debug|Any CPU
		{A1000049-0049-0049-0049-000000000049}.Debug|x64.ActiveCfg = Debug|Any CPU
		{A1000049-0049-0049-0049-000000000049}.Debug|x64.Build.0 = Debug|Any CPU
		{A1000049-0049-0049-0049-000000000049}.Debug|x86.ActiveCfg = Debug|Any CPU
		{A1000049-0049-0049-0049-000000000049}.Debug|x86.Build.0 = Debug|Any CPU
		{A1000049-0049-0049-0049-000000000049}.Release|Any CPU.ActiveCfg = Release|Any CPU
		{A1000049-0049-0049-0049-000000000049}.Release|Any CPU.Build.0 = Release|Any CPU
		{A1000049-0049-0049-0049-000000000049}.Release|x64.ActiveCfg = Release|Any CPU
		{A1000049-0049-0049-0049-000000000049}.Release|x64.Build.0 = Release|Any CPU
		{A1000049-0049-0049-0049-000000000049}.Release|x86.ActiveCfg = Release|Any CPU
		{A1000049-0049-0049-0049-000000000049}.Release|x86.Build.0 = Release|Any CPU
		{A1000039-0039-0039-0039-000000000039}.Debug|Any CPU.ActiveCfg = Debug|Any CPU
		{A1000039-0039-0039-0039-000000000039}.Debug|Any CPU.Build.0 = Debug|Any CPU
		{A1000039-0039-0039-0039-000000000039}.Debug|x64.ActiveCfg = Debug|Any CPU
		{A1000039-0039-0039-0039-000000000039}.Debug|x64.Build.0 = Debug|Any CPU
		{A1000039-0039-0039-0039-000000000039}.Debug|x86.ActiveCfg = Debug|Any CPU
		{A1000039-0039-0039-0039-000000000039}.Debug|x86.Build.0 = Debug|Any CPU
		{A1000039-0039-0039-0039-000000000039}.Release|Any CPU.ActiveCfg = Release|Any CPU
		{A1000039-0039-0039-0039-000000000039}.Release|Any CPU.Build.0 = Release|Any CPU
		{A1000039-0039-0039-0039-000000000039}.Release|x64.ActiveCfg = Release|Any CPU
		{A1000039-0039-0039-0039-000000000039}.Release|x64.Build.0 = Release|Any CPU
		{A1000039-0039-0039-0039-000000000039}.Release|x86.ActiveCfg = Release|Any CPU
		{A1000039-0039-0039-0039-000000000039}.Release|x86.Build.0 = Release|Any CPU
		{A1000046-0046-0046-0046-000000000046}.Debug|Any CPU.ActiveCfg = Debug|Any CPU
		{A1000046-0046-0046-0046-000000000046}.Debug|Any CPU.Build.0 = Debug|Any CPU
		{A1000046-0046-0046-0046-000000000046}.Debug|x64.ActiveCfg = Debug|Any CPU
		{A1000046-0046-0046-0046-000000000046}.Debug|x64.Build.0 = Debug|Any CPU
		{A1000046-0046-0046-0046-000000000046}.Debug|x86.ActiveCfg = Debug|Any CPU
		{A1000046-0046-0046-0046-000000000046}.Debug|x86.Build.0 = Debug|Any CPU
		{A1000046-0046-0046-0046-000000000046}.Release|Any CPU.ActiveCfg = Release|Any CPU
		{A1000046-0046-0046-0046-000000000046}.Release|Any CPU.Build.0 = Release|Any CPU
		{A1000046-0046-0046-0046-000000000046}.Release|x64.ActiveCfg = Release|Any CPU
		{A1000046-0046-0046-0046-000000000046}.Release|x64.Build.0 = Release|Any CPU
		{A1000046-0046-0046-0046-000000000046}.Release|x86.ActiveCfg = Release|Any CPU
		{A1000046-0046-0046-0046-000000000046}.Release|x86.Build.0 = Release|Any CPU
		{958C6329-A5BA-4585-A21C-980EEDE59743}.Debug|Any CPU.ActiveCfg = Debug|Any CPU
		{958C6329-A5BA-4585-A21C-980EEDE59743}.Debug|Any CPU.Build.0 = Debug|Any CPU
		{958C6329-A5BA-4585-A21C-980EEDE59743}.Debug|x64.ActiveCfg = Debug|Any CPU
		{958C6329-A5BA-4585-A21C-980EEDE59743}.Debug|x64.Build.0 = Debug|Any CPU
		{958C6329-A5BA-4585-A21C-980EEDE59743}.Debug|x86.ActiveCfg = Debug|Any CPU
		{958C6329-A5BA-4585-A21C-980EEDE59743}.Debug|x86.Build.0 = Debug|Any CPU
		{958C6329-A5BA-4585-A21C-980EEDE59743}.Release|Any CPU.ActiveCfg = Release|Any CPU
		{958C6329-A5BA-4585-A21C-980EEDE59743}.Release|Any CPU.Build.0 = Release|Any CPU
		{958C6329-A5BA-4585-A21C-980EEDE59743}.Release|x64.ActiveCfg = Release|Any CPU
		{958C6329-A5BA-4585-A21C-980EEDE59743}.Release|x64.Build.0 = Release|Any CPU
		{958C6329-A5BA-4585-A21C-980EEDE59743}.Release|x86.ActiveCfg = Release|Any CPU
		{958C6329-A5BA-4585-A21C-980EEDE59743}.Release|x86.Build.0 = Release|Any CPU
		{EA89E94A-B596-4C4D-A00A-BB9EC8241933}.Debug|Any CPU.ActiveCfg = Debug|Any CPU
		{EA89E94A-B596-4C4D-A00A-BB9EC8241933}.Debug|Any CPU.Build.0 = Debug|Any CPU
		{EA89E94A-B596-4C4D-A00A-BB9EC8241933}.Debug|x64.ActiveCfg = Debug|Any CPU
		{EA89E94A-B596-4C4D-A00A-BB9EC8241933}.Debug|x64.Build.0 = Debug|Any CPU
		{EA89E94A-B596-4C4D-A00A-BB9EC8241933}.Debug|x86.ActiveCfg = Debug|Any CPU
		{EA89E94A-B596-4C4D-A00A-BB9EC8241933}.Debug|x86.Build.0 = Debug|Any CPU
		{EA89E94A-B596-4C4D-A00A-BB9EC8241933}.Release|Any CPU.ActiveCfg = Release|Any CPU
		{EA89E94A-B596-4C4D-A00A-BB9EC8241933}.Release|Any CPU.Build.0 = Release|Any CPU
		{EA89E94A-B596-4C4D-A00A-BB9EC8241933}.Release|x64.ActiveCfg = Release|Any CPU
		{EA89E94A-B596-4C4D-A00A-BB9EC8241933}.Release|x64.Build.0 = Release|Any CPU
		{EA89E94A-B596-4C4D-A00A-BB9EC8241933}.Release|x86.ActiveCfg = Release|Any CPU
		{EA89E94A-B596-4C4D-A00A-BB9EC8241933}.Release|x86.Build.0 = Release|Any CPU
		{75330725-F44E-47F2-81B2-DF0DDDF98EE3}.Debug|Any CPU.ActiveCfg = Debug|Any CPU
		{75330725-F44E-47F2-81B2-DF0DDDF98EE3}.Debug|Any CPU.Build.0 = Debug|Any CPU
		{75330725-F44E-47F2-81B2-DF0DDDF98EE3}.Debug|x64.ActiveCfg = Debug|Any CPU
		{75330725-F44E-47F2-81B2-DF0DDDF98EE3}.Debug|x64.Build.0 = Debug|Any CPU
		{75330725-F44E-47F2-81B2-DF0DDDF98EE3}.Debug|x86.ActiveCfg = Debug|Any CPU
		{75330725-F44E-47F2-81B2-DF0DDDF98EE3}.Debug|x86.Build.0 = Debug|Any CPU
		{75330725-F44E-47F2-81B2-DF0DDDF98EE3}.Release|Any CPU.ActiveCfg = Release|Any CPU
		{75330725-F44E-47F2-81B2-DF0DDDF98EE3}.Release|Any CPU.Build.0 = Release|Any CPU
		{75330725-F44E-47F2-81B2-DF0DDDF98EE3}.Release|x64.ActiveCfg = Release|Any CPU
		{75330725-F44E-47F2-81B2-DF0DDDF98EE3}.Release|x64.Build.0 = Release|Any CPU
		{75330725-F44E-47F2-81B2-DF0DDDF98EE3}.Release|x86.ActiveCfg = Release|Any CPU
		{75330725-F44E-47F2-81B2-DF0DDDF98EE3}.Release|x86.Build.0 = Release|Any CPU
		{794811E6-1C0D-435A-8255-98344169403F}.Debug|Any CPU.ActiveCfg = Debug|Any CPU
		{794811E6-1C0D-435A-8255-98344169403F}.Debug|Any CPU.Build.0 = Debug|Any CPU
		{794811E6-1C0D-435A-8255-98344169403F}.Debug|x64.ActiveCfg = Debug|Any CPU
		{794811E6-1C0D-435A-8255-98344169403F}.Debug|x64.Build.0 = Debug|Any CPU
		{794811E6-1C0D-435A-8255-98344169403F}.Debug|x86.ActiveCfg = Debug|Any CPU
		{794811E6-1C0D-435A-8255-98344169403F}.Debug|x86.Build.0 = Debug|Any CPU
		{794811E6-1C0D-435A-8255-98344169403F}.Release|Any CPU.ActiveCfg = Release|Any CPU
		{794811E6-1C0D-435A-8255-98344169403F}.Release|Any CPU.Build.0 = Release|Any CPU
		{794811E6-1C0D-435A-8255-98344169403F}.Release|x64.ActiveCfg = Release|Any CPU
		{794811E6-1C0D-435A-8255-98344169403F}.Release|x64.Build.0 = Release|Any CPU
		{794811E6-1C0D-435A-8255-98344169403F}.Release|x86.ActiveCfg = Release|Any CPU
		{794811E6-1C0D-435A-8255-98344169403F}.Release|x86.Build.0 = Release|Any CPU
		{10EFDB03-77DA-47E2-9AE8-2E9C2AA2A689}.Debug|Any CPU.ActiveCfg = Debug|Any CPU
		{10EFDB03-77DA-47E2-9AE8-2E9C2AA2A689}.Debug|Any CPU.Build.0 = Debug|Any CPU
		{10EFDB03-77DA-47E2-9AE8-2E9C2AA2A689}.Debug|x64.ActiveCfg = Debug|Any CPU
		{10EFDB03-77DA-47E2-9AE8-2E9C2AA2A689}.Debug|x64.Build.0 = Debug|Any CPU
		{10EFDB03-77DA-47E2-9AE8-2E9C2AA2A689}.Debug|x86.ActiveCfg = Debug|Any CPU
		{10EFDB03-77DA-47E2-9AE8-2E9C2AA2A689}.Debug|x86.Build.0 = Debug|Any CPU
		{10EFDB03-77DA-47E2-9AE8-2E9C2AA2A689}.Release|Any CPU.ActiveCfg = Release|Any CPU
		{10EFDB03-77DA-47E2-9AE8-2E9C2AA2A689}.Release|Any CPU.Build.0 = Release|Any CPU
		{10EFDB03-77DA-47E2-9AE8-2E9C2AA2A689}.Release|x64.ActiveCfg = Release|Any CPU
		{10EFDB03-77DA-47E2-9AE8-2E9C2AA2A689}.Release|x64.Build.0 = Release|Any CPU
		{10EFDB03-77DA-47E2-9AE8-2E9C2AA2A689}.Release|x86.ActiveCfg = Release|Any CPU
		{10EFDB03-77DA-47E2-9AE8-2E9C2AA2A689}.Release|x86.Build.0 = Release|Any CPU
		{2E3C6E48-ABD9-4F65-B629-5FE0D2D2F63F}.Debug|Any CPU.ActiveCfg = Debug|Any CPU
		{2E3C6E48-ABD9-4F65-B629-5FE0D2D2F63F}.Debug|Any CPU.Build.0 = Debug|Any CPU
		{2E3C6E48-ABD9-4F65-B629-5FE0D2D2F63F}.Debug|x64.ActiveCfg = Debug|Any CPU
		{2E3C6E48-ABD9-4F65-B629-5FE0D2D2F63F}.Debug|x64.Build.0 = Debug|Any CPU
		{2E3C6E48-ABD9-4F65-B629-5FE0D2D2F63F}.Debug|x86.ActiveCfg = Debug|Any CPU
		{2E3C6E48-ABD9-4F65-B629-5FE0D2D2F63F}.Debug|x86.Build.0 = Debug|Any CPU
		{2E3C6E48-ABD9-4F65-B629-5FE0D2D2F63F}.Release|Any CPU.ActiveCfg = Release|Any CPU
		{2E3C6E48-ABD9-4F65-B629-5FE0D2D2F63F}.Release|Any CPU.Build.0 = Release|Any CPU
		{2E3C6E48-ABD9-4F65-B629-5FE0D2D2F63F}.Release|x64.ActiveCfg = Release|Any CPU
		{2E3C6E48-ABD9-4F65-B629-5FE0D2D2F63F}.Release|x64.Build.0 = Release|Any CPU
		{2E3C6E48-ABD9-4F65-B629-5FE0D2D2F63F}.Release|x86.ActiveCfg = Release|Any CPU
		{2E3C6E48-ABD9-4F65-B629-5FE0D2D2F63F}.Release|x86.Build.0 = Release|Any CPU
		{A2000001-0001-0001-0001-000000000001}.Debug|Any CPU.ActiveCfg = Debug|Any CPU
		{A2000001-0001-0001-0001-000000000001}.Debug|Any CPU.Build.0 = Debug|Any CPU
		{A2000001-0001-0001-0001-000000000001}.Debug|x64.ActiveCfg = Debug|Any CPU
		{A2000001-0001-0001-0001-000000000001}.Debug|x64.Build.0 = Debug|Any CPU
		{A2000001-0001-0001-0001-000000000001}.Debug|x86.ActiveCfg = Debug|Any CPU
		{A2000001-0001-0001-0001-000000000001}.Debug|x86.Build.0 = Debug|Any CPU
		{A2000001-0001-0001-0001-000000000001}.Release|Any CPU.ActiveCfg = Release|Any CPU
		{A2000001-0001-0001-0001-000000000001}.Release|Any CPU.Build.0 = Release|Any CPU
		{A2000001-0001-0001-0001-000000000001}.Release|x64.ActiveCfg = Release|Any CPU
		{A2000001-0001-0001-0001-000000000001}.Release|x64.Build.0 = Release|Any CPU
		{A2000001-0001-0001-0001-000000000001}.Release|x86.ActiveCfg = Release|Any CPU
		{A2000001-0001-0001-0001-000000000001}.Release|x86.Build.0 = Release|Any CPU
		{A2000002-0002-0002-0002-000000000002}.Debug|Any CPU.ActiveCfg = Debug|Any CPU
		{A2000002-0002-0002-0002-000000000002}.Debug|Any CPU.Build.0 = Debug|Any CPU
		{A2000002-0002-0002-0002-000000000002}.Debug|x64.ActiveCfg = Debug|Any CPU
		{A2000002-0002-0002-0002-000000000002}.Debug|x64.Build.0 = Debug|Any CPU
		{A2000002-0002-0002-0002-000000000002}.Debug|x86.ActiveCfg = Debug|Any CPU
		{A2000002-0002-0002-0002-000000000002}.Debug|x86.Build.0 = Debug|Any CPU
		{A2000002-0002-0002-0002-000000000002}.Release|Any CPU.ActiveCfg = Release|Any CPU
		{A2000002-0002-0002-0002-000000000002}.Release|Any CPU.Build.0 = Release|Any CPU
		{A2000002-0002-0002-0002-000000000002}.Release|x64.ActiveCfg = Release|Any CPU
		{A2000002-0002-0002-0002-000000000002}.Release|x64.Build.0 = Release|Any CPU
		{A2000002-0002-0002-0002-000000000002}.Release|x86.ActiveCfg = Release|Any CPU
		{A2000002-0002-0002-0002-000000000002}.Release|x86.Build.0 = Release|Any CPU
		{A2000003-0003-0003-0003-000000000003}.Debug|Any CPU.ActiveCfg = Debug|Any CPU
		{A2000003-0003-0003-0003-000000000003}.Debug|Any CPU.Build.0 = Debug|Any CPU
		{A2000003-0003-0003-0003-000000000003}.Debug|x64.ActiveCfg = Debug|Any CPU
		{A2000003-0003-0003-0003-000000000003}.Debug|x64.Build.0 = Debug|Any CPU
		{A2000003-0003-0003-0003-000000000003}.Debug|x86.ActiveCfg = Debug|Any CPU
		{A2000003-0003-0003-0003-000000000003}.Debug|x86.Build.0 = Debug|Any CPU
		{A2000003-0003-0003-0003-000000000003}.Release|Any CPU.ActiveCfg = Release|Any CPU
		{A2000003-0003-0003-0003-000000000003}.Release|Any CPU.Build.0 = Release|Any CPU
		{A2000003-0003-0003-0003-000000000003}.Release|x64.ActiveCfg = Release|Any CPU
		{A2000003-0003-0003-0003-000000000003}.Release|x64.Build.0 = Release|Any CPU
		{A2000003-0003-0003-0003-000000000003}.Release|x86.ActiveCfg = Release|Any CPU
		{A2000003-0003-0003-0003-000000000003}.Release|x86.Build.0 = Release|Any CPU
		{A2000004-0004-0004-0004-000000000004}.Debug|Any CPU.ActiveCfg = Debug|Any CPU
		{A2000004-0004-0004-0004-000000000004}.Debug|Any CPU.Build.0 = Debug|Any CPU
		{A2000004-0004-0004-0004-000000000004}.Debug|x64.ActiveCfg = Debug|Any CPU
		{A2000004-0004-0004-0004-000000000004}.Debug|x64.Build.0 = Debug|Any CPU
		{A2000004-0004-0004-0004-000000000004}.Debug|x86.ActiveCfg = Debug|Any CPU
		{A2000004-0004-0004-0004-000000000004}.Debug|x86.Build.0 = Debug|Any CPU
		{A2000004-0004-0004-0004-000000000004}.Release|Any CPU.ActiveCfg = Release|Any CPU
		{A2000004-0004-0004-0004-000000000004}.Release|Any CPU.Build.0 = Release|Any CPU
		{A2000004-0004-0004-0004-000000000004}.Release|x64.ActiveCfg = Release|Any CPU
		{A2000004-0004-0004-0004-000000000004}.Release|x64.Build.0 = Release|Any CPU
		{A2000004-0004-0004-0004-000000000004}.Release|x86.ActiveCfg = Release|Any CPU
		{A2000004-0004-0004-0004-000000000004}.Release|x86.Build.0 = Release|Any CPU
		{700E8EB8-23E6-4F7D-B1C7-BE8E2948C021}.Debug|Any CPU.ActiveCfg = Debug|Any CPU
		{700E8EB8-23E6-4F7D-B1C7-BE8E2948C021}.Debug|Any CPU.Build.0 = Debug|Any CPU
		{700E8EB8-23E6-4F7D-B1C7-BE8E2948C021}.Debug|x64.ActiveCfg = Debug|Any CPU
		{700E8EB8-23E6-4F7D-B1C7-BE8E2948C021}.Debug|x64.Build.0 = Debug|Any CPU
		{700E8EB8-23E6-4F7D-B1C7-BE8E2948C021}.Debug|x86.ActiveCfg = Debug|Any CPU
		{700E8EB8-23E6-4F7D-B1C7-BE8E2948C021}.Debug|x86.Build.0 = Debug|Any CPU
		{700E8EB8-23E6-4F7D-B1C7-BE8E2948C021}.Release|Any CPU.ActiveCfg = Release|Any CPU
		{700E8EB8-23E6-4F7D-B1C7-BE8E2948C021}.Release|Any CPU.Build.0 = Release|Any CPU
		{700E8EB8-23E6-4F7D-B1C7-BE8E2948C021}.Release|x64.ActiveCfg = Release|Any CPU
		{700E8EB8-23E6-4F7D-B1C7-BE8E2948C021}.Release|x64.Build.0 = Release|Any CPU
		{700E8EB8-23E6-4F7D-B1C7-BE8E2948C021}.Release|x86.ActiveCfg = Release|Any CPU
		{700E8EB8-23E6-4F7D-B1C7-BE8E2948C021}.Release|x86.Build.0 = Release|Any CPU
		{9DCB6F1F-4F00-4298-8192-79066A47A764}.Debug|Any CPU.ActiveCfg = Debug|Any CPU
		{9DCB6F1F-4F00-4298-8192-79066A47A764}.Debug|Any CPU.Build.0 = Debug|Any CPU
		{9DCB6F1F-4F00-4298-8192-79066A47A764}.Debug|x64.ActiveCfg = Debug|Any CPU
		{9DCB6F1F-4F00-4298-8192-79066A47A764}.Debug|x64.Build.0 = Debug|Any CPU
		{9DCB6F1F-4F00-4298-8192-79066A47A764}.Debug|x86.ActiveCfg = Debug|Any CPU
		{9DCB6F1F-4F00-4298-8192-79066A47A764}.Debug|x86.Build.0 = Debug|Any CPU
		{9DCB6F1F-4F00-4298-8192-79066A47A764}.Release|Any CPU.ActiveCfg = Release|Any CPU
		{9DCB6F1F-4F00-4298-8192-79066A47A764}.Release|Any CPU.Build.0 = Release|Any CPU
		{9DCB6F1F-4F00-4298-8192-79066A47A764}.Release|x64.ActiveCfg = Release|Any CPU
		{9DCB6F1F-4F00-4298-8192-79066A47A764}.Release|x64.Build.0 = Release|Any CPU
		{9DCB6F1F-4F00-4298-8192-79066A47A764}.Release|x86.ActiveCfg = Release|Any CPU
		{9DCB6F1F-4F00-4298-8192-79066A47A764}.Release|x86.Build.0 = Release|Any CPU
		{B85C725C-0B6D-4582-8903-52ED08CAB3E3}.Debug|Any CPU.ActiveCfg = Debug|Any CPU
		{B85C725C-0B6D-4582-8903-52ED08CAB3E3}.Debug|Any CPU.Build.0 = Debug|Any CPU
		{B85C725C-0B6D-4582-8903-52ED08CAB3E3}.Debug|x64.ActiveCfg = Debug|Any CPU
		{B85C725C-0B6D-4582-8903-52ED08CAB3E3}.Debug|x64.Build.0 = Debug|Any CPU
		{B85C725C-0B6D-4582-8903-52ED08CAB3E3}.Debug|x86.ActiveCfg = Debug|Any CPU
		{B85C725C-0B6D-4582-8903-52ED08CAB3E3}.Debug|x86.Build.0 = Debug|Any CPU
		{B85C725C-0B6D-4582-8903-52ED08CAB3E3}.Release|Any CPU.ActiveCfg = Release|Any CPU
		{B85C725C-0B6D-4582-8903-52ED08CAB3E3}.Release|Any CPU.Build.0 = Release|Any CPU
		{B85C725C-0B6D-4582-8903-52ED08CAB3E3}.Release|x64.ActiveCfg = Release|Any CPU
		{B85C725C-0B6D-4582-8903-52ED08CAB3E3}.Release|x64.Build.0 = Release|Any CPU
		{B85C725C-0B6D-4582-8903-52ED08CAB3E3}.Release|x86.ActiveCfg = Release|Any CPU
		{B85C725C-0B6D-4582-8903-52ED08CAB3E3}.Release|x86.Build.0 = Release|Any CPU
		{E9952F35-4EE1-423C-AF98-241E24410A03}.Debug|Any CPU.ActiveCfg = Debug|Any CPU
		{E9952F35-4EE1-423C-AF98-241E24410A03}.Debug|Any CPU.Build.0 = Debug|Any CPU
		{E9952F35-4EE1-423C-AF98-241E24410A03}.Debug|x64.ActiveCfg = Debug|Any CPU
		{E9952F35-4EE1-423C-AF98-241E24410A03}.Debug|x64.Build.0 = Debug|Any CPU
		{E9952F35-4EE1-423C-AF98-241E24410A03}.Debug|x86.ActiveCfg = Debug|Any CPU
		{E9952F35-4EE1-423C-AF98-241E24410A03}.Debug|x86.Build.0 = Debug|Any CPU
		{E9952F35-4EE1-423C-AF98-241E24410A03}.Release|Any CPU.ActiveCfg = Release|Any CPU
		{E9952F35-4EE1-423C-AF98-241E24410A03}.Release|Any CPU.Build.0 = Release|Any CPU
		{E9952F35-4EE1-423C-AF98-241E24410A03}.Release|x64.ActiveCfg = Release|Any CPU
		{E9952F35-4EE1-423C-AF98-241E24410A03}.Release|x64.Build.0 = Release|Any CPU
		{E9952F35-4EE1-423C-AF98-241E24410A03}.Release|x86.ActiveCfg = Release|Any CPU
		{E9952F35-4EE1-423C-AF98-241E24410A03}.Release|x86.Build.0 = Release|Any CPU
	EndGlobalSection
	GlobalSection(SolutionProperties) = preSolution
		HideSolutionNode = FALSE
	EndGlobalSection
	GlobalSection(ExtensibilityGlobals) = postSolution
		SolutionGuid = {27E7A49F-3AC8-4C0A-927F-FA66DD1EF359}
	EndGlobalSection
EndGlobal
