
Microsoft Visual Studio Solution File, Format Version 12.00
# Visual Studio Version 17
VisualStudioVersion = 17.0.31903.59
MinimumVisualStudioVersion = 10.0.40219.1
Project("{FAE04EC0-301F-11D3-BF4B-00C04F79EFBC}") = "AbilityKit.Core", "AbilityKit.Core\AbilityKit.Core.csproj", "{A1000001-0001-0001-0001-000000000001}"
EndProject
Project("{FAE04EC0-301F-11D3-BF4B-00C04F79EFBC}") = "AbilityKit.Attributes", "AbilityKit.Attributes\AbilityKit.Attributes.csproj", "{A1000002-0002-0002-0002-000000000002}"
EndProject
Project("{FAE04EC0-301F-11D3-BF4B-00C04F79EFBC}") = "AbilityKit.Modifiers", "AbilityKit.Modifiers\AbilityKit.Modifiers.csproj", "{A1000003-0003-0003-0003-000000000003}"
EndProject
Project("{FAE04EC0-301F-11D3-BF4B-00C04F79EFBC}") = "AbilityKit.Dataflow", "AbilityKit.Dataflow\AbilityKit.Dataflow.csproj", "{A1000004-0004-0004-0004-000000000004}"
EndProject
Project("{FAE04EC0-301F-11D3-BF4B-00C04F79EFBC}") = "AbilityKit.GameplayTags", "AbilityKit.GameplayTags\AbilityKit.GameplayTags.csproj", "{A1000005-0005-0005-0005-000000000005}"
EndProject
Project("{FAE04EC0-301F-11D3-BF4B-00C04F79EFBC}") = "AbilityKit.Pipeline", "AbilityKit.Pipeline\AbilityKit.Pipeline.csproj", "{A1000006-0006-0006-0006-000000000006}"
EndProject
Project("{FAE04EC0-301F-11D3-BF4B-00C04F79EFBC}") = "AbilityKit.Behavior", "AbilityKit.Behavior\AbilityKit.Behavior.csproj", "{A1000007-0007-0007-0007-000000000007}"
EndProject
Project("{FAE04EC0-301F-11D3-BF4B-00C04F79EFBC}") = "AbilityKit.Threading", "AbilityKit.Threading\AbilityKit.Threading.csproj", "{A1000008-0008-0008-0008-000000000008}"
EndProject
Project("{FAE04EC0-301F-11D3-BF4B-00C04F79EFBC}") = "AbilityKit.Context", "AbilityKit.Context\AbilityKit.Context.csproj", "{A1000009-0009-0009-0009-000000000009}"
EndProject
Project("{FAE04EC0-301F-11D3-BF4B-00C04F79EFBC}") = "AbilityKit.Timer", "AbilityKit.Timer\AbilityKit.Timer.csproj", "{A1000010-0010-0010-0010-000000000010}"
EndProject
Project("{FAE04EC0-301F-11D3-BF4B-00C04F79EFBC}") = "AbilityKit.Trace", "AbilityKit.Trace\AbilityKit.Trace.csproj", "{A1000011-0011-0011-0011-000000000011}"
EndProject
Project("{FAE04EC0-301F-11D3-BF4B-00C04F79EFBC}") = "AbilityKit.Protocol", "AbilityKit.Protocol\AbilityKit.Protocol.csproj", "{A1000012-0012-0012-0012-000000000012}"
EndProject
Project("{FAE04EC0-301F-11D3-BF4B-00C04F79EFBC}") = "AbilityKit.Diagnostics", "AbilityKit.Diagnostics\AbilityKit.Diagnostics.csproj", "{A1000013-0013-0013-0013-000000000013}"
EndProject
Project("{FAE04EC0-301F-11D3-BF4B-00C04F79EFBC}") = "AbilityKit.CodeGen", "AbilityKit.CodeGen\AbilityKit.CodeGen.csproj", "{A1000014-0014-0014-0014-000000000014}"
EndProject
Project("{FAE04EC0-301F-11D3-BF4B-00C04F79EFBC}") = "AbilityKit.GameFramework", "AbilityKit.GameFramework\AbilityKit.GameFramework.csproj", "{A1000015-0015-0015-0015-000000000015}"
EndProject
Project("{FAE04EC0-301F-11D3-BF4B-00C04F79EFBC}") = "AbilityKit.Host", "AbilityKit.Host\AbilityKit.Host.csproj", "{A1000016-0016-0016-0016-000000000016}"
EndProject
Project("{FAE04EC0-301F-11D3-BF4B-00C04F79EFBC}") = "AbilityKit.World.DI", "AbilityKit.World.DI\AbilityKit.World.DI.csproj", "{A1000017-0017-0017-0017-000000000017}"
EndProject
Project("{FAE04EC0-301F-11D3-BF4B-00C04F79EFBC}") = "AbilityKit.World.FrameSync", "AbilityKit.World.FrameSync\AbilityKit.World.FrameSync.csproj", "{A1000018-0018-0018-0018-000000000018}"
EndProject
Project("{FAE04EC0-301F-11D3-BF4B-00C04F79EFBC}") = "AbilityKit.World.Entitas", "AbilityKit.World.Entitas\AbilityKit.World.Entitas.csproj", "{A1000019-0019-0019-0019-000000000019}"
EndProject
Project("{FAE04EC0-301F-11D3-BF4B-00C04F79EFBC}") = "AbilityKit.HFSM.Core", "AbilityKit.HFSM.Core\AbilityKit.HFSM.Core.csproj", "{A1000020-0020-0020-0020-000000000020}"
EndProject
Project("{FAE04EC0-301F-11D3-BF4B-00C04F79EFBC}") = "AbilityKit.Record", "AbilityKit.Record\AbilityKit.Record.csproj", "{A1000021-0021-0021-0021-000000000021}"
EndProject
Project("{FAE04EC0-301F-11D3-BF4B-00C04F79EFBC}") = "AbilityKit.Triggering.Abstractions", "AbilityKit.Triggering.Abstractions\AbilityKit.Triggering.Abstractions.csproj", "{A1000022-0022-0022-0022-000000000022}"
EndProject
Project("{FAE04EC0-301F-11D3-BF4B-00C04F79EFBC}") = "AbilityKit.Triggering", "AbilityKit.Triggering\AbilityKit.Triggering.csproj", "{A1000023-0023-0023-0023-000000000023}"
EndProject
Project("{FAE04EC0-301F-11D3-BF4B-00C04F79EFBC}") = "AbilityKit.Combat.Collision.Abstractions", "AbilityKit.Combat.Collision.Abstractions\AbilityKit.Combat.Collision.Abstractions.csproj", "{A1000024-0024-0024-0024-000000000024}"
EndProject
Project("{FAE04EC0-301F-11D3-BF4B-00C04F79EFBC}") = "AbilityKit.Combat.Collision.Unity", "AbilityKit.Combat.Collision.Unity\AbilityKit.Combat.Collision.Unity.csproj", "{A1000025-0025-0025-0025-000000000025}"
EndProject
Project("{FAE04EC0-301F-11D3-BF4B-00C04F79EFBC}") = "AbilityKit.Combat.Damage", "AbilityKit.Combat.Damage\AbilityKit.Combat.Damage.csproj", "{A1000026-0026-0026-0026-000000000026}"
EndProject
Project("{FAE04EC0-301F-11D3-BF4B-00C04F79EFBC}") = "AbilityKit.Combat.EntityManager", "AbilityKit.Combat.EntityManager\AbilityKit.Combat.EntityManager.csproj", "{A1000027-0027-0027-0027-000000000027}"
EndProject
Project("{FAE04EC0-301F-11D3-BF4B-00C04F79EFBC}") = "AbilityKit.Combat.Motion", "AbilityKit.Combat.Motion\AbilityKit.Combat.Motion.csproj", "{A1000028-0028-0028-0028-000000000028}"
EndProject
Project("{FAE04EC0-301F-11D3-BF4B-00C04F79EFBC}") = "AbilityKit.Combat.SkillLibrary", "AbilityKit.Combat.SkillLibrary\AbilityKit.Combat.SkillLibrary.csproj", "{A1000029-0029-0029-0029-000000000029}"
EndProject
Project("{FAE04EC0-301F-11D3-BF4B-00C04F79EFBC}") = "AbilityKit.Combat.Targeting", "AbilityKit.Combat.Targeting\AbilityKit.Combat.Targeting.csproj", "{A1000030-0030-0030-0030-000000000030}"
EndProject
Project("{FAE04EC0-301F-11D3-BF4B-00C04F79EFBC}") = "AbilityKit.Samples", "AbilityKit.Samples\AbilityKit.Samples.csproj", "{A1000031-0031-0031-0031-000000000031}"
EndProject
Project("{FAE04EC0-301F-11D3-BF4B-00C04F79EFBC}") = "AbilityKit.World.ECS", "AbilityKit.World.ECS\AbilityKit.World.ECS.csproj", "{A1000032-0032-0032-0032-000000000032}"
EndProject
Project("{FAE04EC0-301F-11D3-BF4B-00C04F79EFBC}") = "AbilityKit.HotReload", "AbilityKit.HotReload\AbilityKit.HotReload.csproj", "{A1000033-0033-0033-0033-000000000033}"
EndProject
Project("{FAE04EC0-301F-11D3-BF4B-00C04F79EFBC}") = "AbilityKit.Record.MemoryPack", "AbilityKit.Record.MemoryPack\AbilityKit.Record.MemoryPack.csproj", "{A1000034-0034-0034-0034-000000000034}"
EndProject
Project("{FAE04EC0-301F-11D3-BF4B-00C04F79EFBC}") = "AbilityKit.Ability.Config", "AbilityKit.Ability.Config\AbilityKit.Ability.Config.csproj", "{A1000035-0035-0035-0035-000000000035}"
EndProject
Project("{FAE04EC0-301F-11D3-BF4B-00C04F79EFBC}") = "AbilityKit.ThirdParty.Luban.Runtime", "AbilityKit.ThirdParty.Luban.Runtime\AbilityKit.ThirdParty.Luban.Runtime.csproj", "{A1000036-0036-0036-0036-000000000036}"
EndProject
Project("{FAE04EC0-301F-11D3-BF4B-00C04F79EFBC}") = "AbilityKit.Network.Runtime", "AbilityKit.Network.Runtime\AbilityKit.Network.Runtime.csproj", "{A1000037-0037-0037-0037-000000000037}"
EndProject
Project("{FAE04EC0-301F-11D3-BF4B-00C04F79EFBC}") = "AbilityKit.Flow", "AbilityKit.Flow\AbilityKit.Flow.csproj", "{A1000040-0040-0040-0040-000000000040}"
EndProject
Project("{FAE04EC0-301F-11D3-BF4B-00C04F79EFBC}") = "AbilityKit.Protocol.Moba", "AbilityKit.Protocol.Moba\AbilityKit.Protocol.Moba.csproj", "{A1000041-0041-0041-0041-000000000041}"
EndProject
Project("{FAE04EC0-301F-11D3-BF4B-00C04F79EFBC}") = "AbilityKit.Game.Battle.Transport.Runtime", "AbilityKit.Game.Battle.Transport.Runtime\AbilityKit.Game.Battle.Transport.Runtime.csproj", "{A1000042-0042-0042-0042-000000000042}"
EndProject
Project("{FAE04EC0-301F-11D3-BF4B-00C04F79EFBC}") = "AbilityKit.Combat.Projectile", "AbilityKit.Combat.Projectile\AbilityKit.Combat.Projectile.csproj", "{A1000043-0043-0043-0043-000000000043}"
EndProject
Project("{FAE04EC0-301F-11D3-BF4B-00C04F79EFBC}") = "AbilityKit.Ability.Explain", "AbilityKit.Ability.Explain\AbilityKit.Ability.Explain.csproj", "{A1000044-0044-0044-0044-000000000044}"
EndProject
Project("{FAE04EC0-301F-11D3-BF4B-00C04F79EFBC}") = "AbilityKit.World.StateSync", "AbilityKit.World.StateSync\AbilityKit.World.StateSync.csproj", "{A1000045-0045-0045-0045-000000000045}"
EndProject
Project("{FAE04EC0-301F-11D3-BF4B-00C04F79EFBC}") = "AbilityKit.World.Snapshot", "AbilityKit.World.Snapshot\AbilityKit.World.Snapshot.csproj", "{A1000038-0038-0038-0038-000000000038}"
EndProject
Project("{FAE04EC0-301F-11D3-BF4B-00C04F79EFBC}") = "AbilityKit.Game.Battle.Runtime", "AbilityKit.Game.Battle.Runtime\AbilityKit.Game.Battle.Runtime.csproj", "{A1000039-0039-0039-0039-000000000039}"
EndProject
Project("{FAE04EC0-301F-11D3-BF4B-00C04F79EFBC}") = "AbilityKit.Analyzer", "AbilityKit.Analyzer\AbilityKit.Analyzer.csproj", "{A1000046-0046-0046-0046-000000000046}"
EndProject
Global
	GlobalSection(SolutionConfigurationPlatforms) = preSolution
		Debug|Any CPU = Debug|Any CPU
		Release|Any CPU = Release|Any CPU
	EndGlobalSection
	GlobalSection(ProjectConfigurationPlatforms) = postSolution
		{A1000001-0001-0001-0001-000000000001}.Debug|Any CPU.ActiveCfg = Debug|Any CPU
		{A1000001-0001-0001-0001-000000000001}.Debug|Any CPU.Build.0 = Debug|Any CPU
		{A1000002-0002-0002-0002-000000000002}.Debug|Any CPU.ActiveCfg = Debug|Any CPU
		{A1000002-0002-0002-0002-000000000002}.Debug|Any CPU.Build.0 = Debug|Any CPU
		{A1000003-0003-0003-0003-000000000003}.Debug|Any CPU.ActiveCfg = Debug|Any CPU
		{A1000003-0003-0003-0003-000000000003}.Debug|Any CPU.Build.0 = Debug|Any CPU
		{A1000004-0004-0004-0004-000000000004}.Debug|Any CPU.ActiveCfg = Debug|Any CPU
		{A1000004-0004-0004-0004-000000000004}.Debug|Any CPU.Build.0 = Debug|Any CPU
		{A1000005-0005-0005-0005-000000000005}.Debug|Any CPU.ActiveCfg = Debug|Any CPU
		{A1000005-0005-0005-0005-000000000005}.Debug|Any CPU.Build.0 = Debug|Any CPU
		{A1000006-0006-0006-0006-000000000006}.Debug|Any CPU.ActiveCfg = Debug|Any CPU
		{A1000006-0006-0006-0006-000000000006}.Debug|Any CPU.Build.0 = Debug|Any CPU
		{A1000007-0007-0007-0007-000000000007}.Debug|Any CPU.ActiveCfg = Debug|Any CPU
		{A1000007-0007-0007-0007-000000000007}.Debug|Any CPU.Build.0 = Debug|Any CPU
		{A1000008-0008-0008-0008-000000000008}.Debug|Any CPU.ActiveCfg = Debug|Any CPU
		{A1000008-0008-0008-0008-000000000008}.Debug|Any CPU.Build.0 = Debug|Any CPU
		{A1000009-0009-0009-0009-000000000009}.Debug|Any CPU.ActiveCfg = Debug|Any CPU
		{A1000009-0009-0009-0009-000000000009}.Debug|Any CPU.Build.0 = Debug|Any CPU
		{A1000010-0010-0010-0010-000000000010}.Debug|Any CPU.ActiveCfg = Debug|Any CPU
		{A1000010-0010-0010-0010-000000000010}.Debug|Any CPU.Build.0 = Debug|Any CPU
		{A1000011-0011-0011-0011-000000000011}.Debug|Any CPU.ActiveCfg = Debug|Any CPU
		{A1000011-0011-0011-0011-000000000011}.Debug|Any CPU.Build.0 = Debug|Any CPU
		{A1000012-0012-0012-0012-000000000012}.Debug|Any CPU.ActiveCfg = Debug|Any CPU
		{A1000012-0012-0012-0012-000000000012}.Debug|Any CPU.Build.0 = Debug|Any CPU
		{A1000013-0013-0013-0013-000000000013}.Debug|Any CPU.ActiveCfg = Debug|Any CPU
		{A1000013-0013-0013-0013-000000000013}.Debug|Any CPU.Build.0 = Debug|Any CPU
		{A1000014-0014-0014-0014-000000000014}.Debug|Any CPU.ActiveCfg = Debug|Any CPU
		{A1000014-0014-0014-0014-000000000014}.Debug|Any CPU.Build.0 = Debug|Any CPU
		{A1000015-0015-0015-0015-000000000015}.Debug|Any CPU.ActiveCfg = Debug|Any CPU
		{A1000015-0015-0015-0015-000000000015}.Debug|Any CPU.Build.0 = Debug|Any CPU
		{A1000016-0016-0016-0016-000000000016}.Debug|Any CPU.ActiveCfg = Debug|Any CPU
		{A1000016-0016-0016-0016-000000000016}.Debug|Any CPU.Build.0 = Debug|Any CPU
		{A1000017-0017-0017-0017-000000000017}.Debug|Any CPU.ActiveCfg = Debug|Any CPU
		{A1000017-0017-0017-0017-000000000017}.Debug|Any CPU.Build.0 = Debug|Any CPU
		{A1000018-0018-0018-0018-000000000018}.Debug|Any CPU.ActiveCfg = Debug|Any CPU
		{A1000018-0018-0018-0018-000000000018}.Debug|Any CPU.Build.0 = Debug|Any CPU
		{A1000019-0019-0019-0019-000000000019}.Debug|Any CPU.ActiveCfg = Debug|Any CPU
		{A1000019-0019-0019-0019-000000000019}.Debug|Any CPU.Build.0 = Debug|Any CPU
		{A1000020-0020-0020-0020-000000000020}.Debug|Any CPU.ActiveCfg = Debug|Any CPU
		{A1000020-0020-0020-0020-000000000020}.Debug|Any CPU.Build.0 = Debug|Any CPU
		{A1000021-0021-0021-0021-000000000021}.Debug|Any CPU.ActiveCfg = Debug|Any CPU
		{A1000021-0021-0021-0021-000000000021}.Debug|Any CPU.Build.0 = Debug|Any CPU
		{A1000022-0022-0022-0022-000000000022}.Debug|Any CPU.ActiveCfg = Debug|Any CPU
		{A1000022-0022-0022-0022-000000000022}.Debug|Any CPU.Build.0 = Debug|Any CPU
		{A1000023-0023-0023-0023-000000000023}.Debug|Any CPU.ActiveCfg = Debug|Any CPU
		{A1000023-0023-0023-0023-000000000023}.Debug|Any CPU.Build.0 = Debug|Any CPU
		{A1000024-0024-0024-0024-000000000024}.Debug|Any CPU.ActiveCfg = Debug|Any CPU
		{A1000024-0024-0024-0024-000000000024}.Debug|Any CPU.Build.0 = Debug|Any CPU
		{A1000025-0025-0025-0025-000000000025}.Debug|Any CPU.ActiveCfg = Debug|Any CPU
		{A1000025-0025-0025-0025-000000000025}.Debug|Any CPU.Build.0 = Debug|Any CPU
		{A1000026-0026-0026-0026-000000000026}.Debug|Any CPU.ActiveCfg = Debug|Any CPU
		{A1000026-0026-0026-0026-000000000026}.Debug|Any CPU.Build.0 = Debug|Any CPU
		{A1000027-0027-0027-0027-000000000027}.Debug|Any CPU.ActiveCfg = Debug|Any CPU
		{A1000027-0027-0027-0027-000000000027}.Debug|Any CPU.Build.0 = Debug|Any CPU
		{A1000028-0028-0028-0028-000000000028}.Debug|Any CPU.ActiveCfg = Debug|Any CPU
		{A1000028-0028-0028-0028-000000000028}.Debug|Any CPU.Build.0 = Debug|Any CPU
		{A1000029-0029-0029-0029-000000000029}.Debug|Any CPU.ActiveCfg = Debug|Any CPU
		{A1000029-0029-0029-0029-000000000029}.Debug|Any CPU.Build.0 = Debug|Any CPU
		{A1000030-0030-0030-0030-000000000030}.Debug|Any CPU.ActiveCfg = Debug|Any CPU
		{A1000030-0030-0030-0030-000000000030}.Debug|Any CPU.Build.0 = Debug|Any CPU
		{A1000031-0031-0031-0031-000000000031}.Debug|Any CPU.ActiveCfg = Debug|Any CPU
		{A1000031-0031-0031-0031-000000000031}.Debug|Any CPU.Build.0 = Debug|Any CPU
		{A1000032-0032-0032-0032-000000000032}.Debug|Any CPU.ActiveCfg = Debug|Any CPU
		{A1000032-0032-0032-0032-000000000032}.Debug|Any CPU.Build.0 = Debug|Any CPU
		{A1000033-0033-0033-0033-000000000033}.Debug|Any CPU.ActiveCfg = Debug|Any CPU
		{A1000033-0033-0033-0033-000000000033}.Debug|Any CPU.Build.0 = Debug|Any CPU
		{A1000034-0034-0034-0034-000000000034}.Debug|Any CPU.ActiveCfg = Debug|Any CPU
		{A1000034-0034-0034-0034-000000000034}.Debug|Any CPU.Build.0 = Debug|Any CPU
		{A1000035-0035-0035-0035-000000000035}.Debug|Any CPU.ActiveCfg = Debug|Any CPU
		{A1000035-0035-0035-0035-000000000035}.Debug|Any CPU.Build.0 = Debug|Any CPU
		{A1000036-0036-0036-0036-000000000036}.Debug|Any CPU.ActiveCfg = Debug|Any CPU
		{A1000036-0036-0036-0036-000000000036}.Debug|Any CPU.Build.0 = Debug|Any CPU
		{A1000037-0037-0037-0037-000000000037}.Debug|Any CPU.ActiveCfg = Debug|Any CPU
		{A1000037-0037-0037-0037-000000000037}.Debug|Any CPU.Build.0 = Debug|Any CPU
		{A1000040-0040-0040-0040-000000000040}.Debug|Any CPU.ActiveCfg = Debug|Any CPU
		{A1000040-0040-0040-0040-000000000040}.Debug|Any CPU.Build.0 = Debug|Any CPU
		{A1000041-0041-0041-0041-000000000041}.Debug|Any CPU.ActiveCfg = Debug|Any CPU
		{A1000041-0041-0041-0041-000000000041}.Debug|Any CPU.Build.0 = Debug|Any CPU
		{A1000042-0042-0042-0042-000000000042}.Debug|Any CPU.ActiveCfg = Debug|Any CPU
		{A1000042-0042-0042-0042-000000000042}.Debug|Any CPU.Build.0 = Debug|Any CPU
		{A1000043-0043-0043-0043-000000000043}.Debug|Any CPU.ActiveCfg = Debug|Any CPU
		{A1000043-0043-0043-0043-000000000043}.Debug|Any CPU.Build.0 = Debug|Any CPU
		{A1000044-0044-0044-0044-000000000044}.Debug|Any CPU.ActiveCfg = Debug|Any CPU
		{A1000044-0044-0044-0044-000000000044}.Debug|Any CPU.Build.0 = Debug|Any CPU
		{A1000045-0045-0045-0045-000000000045}.Debug|Any CPU.ActiveCfg = Debug|Any CPU
		{A1000045-0045-0045-0045-000000000045}.Debug|Any CPU.Build.0 = Debug|Any CPU
		{A1000038-0038-0038-0038-000000000038}.Debug|Any CPU.ActiveCfg = Debug|Any CPU
		{A1000038-0038-0038-0038-000000000038}.Debug|Any CPU.Build.0 = Debug|Any CPU
		{A1000039-0039-0039-0039-000000000039}.Debug|Any CPU.ActiveCfg = Debug|Any CPU
		{A1000039-0039-0039-0039-000000000039}.Debug|Any CPU.Build.0 = Debug|Any CPU
		{A1000046-0046-0046-0046-000000000046}.Debug|Any CPU.ActiveCfg = Debug|Any CPU
		{A1000046-0046-0046-0046-000000000046}.Debug|Any CPU.Build.0 = Debug|Any CPU
	EndGlobalSection
	GlobalSection(SolutionProperties) = preSolution
		HideSolutionNode = FALSE
	EndGlobalSection
EndGlobal
